// !$*UTF8*$!
{
	archiveVersion = 1;
	classes = {
	};
	objectVersion = 51;
	objects = {

/* Begin PBXBuildFile section */
		26EB1D2E72406A5BAA68642D /* Pods_WorkApplication.framework in Frameworks */ = {isa = PBXBuildFile; fileRef = D68BEA0D72C9454D6F2B0A2D /* Pods_WorkApplication.framework */; };
		FD0A9B6124675227001FA785 /* DictionaryAfterParsing.txt in Resources */ = {isa = PBXBuildFile; fileRef = FD0A9B6024675227001FA785 /* DictionaryAfterParsing.txt */; };
		FD0D2D5424C05D080065866E /* GlobalConstants.swift in Sources */ = {isa = PBXBuildFile; fileRef = FD0D2D5324C05D080065866E /* GlobalConstants.swift */; };
		FD0E61EE24B74C9C00AAE6B1 /* WordCodableJSON.swift in Sources */ = {isa = PBXBuildFile; fileRef = FD0E61ED24B74C9C00AAE6B1 /* WordCodableJSON.swift */; };
		FD0E61F024B74CBC00AAE6B1 /* WordObjectRealm.swift in Sources */ = {isa = PBXBuildFile; fileRef = FD0E61EF24B74CBC00AAE6B1 /* WordObjectRealm.swift */; };
		FD174EBF2464043B0090A002 /* AppDelegate.swift in Sources */ = {isa = PBXBuildFile; fileRef = FD174EBE2464043B0090A002 /* AppDelegate.swift */; };
		FD174EC12464043B0090A002 /* SceneDelegate.swift in Sources */ = {isa = PBXBuildFile; fileRef = FD174EC02464043B0090A002 /* SceneDelegate.swift */; };
		FD174EC62464043B0090A002 /* Main.storyboard in Resources */ = {isa = PBXBuildFile; fileRef = FD174EC42464043B0090A002 /* Main.storyboard */; };
		FD174EC82464043D0090A002 /* Assets.xcassets in Resources */ = {isa = PBXBuildFile; fileRef = FD174EC72464043D0090A002 /* Assets.xcassets */; };
		FD174ECB2464043D0090A002 /* LaunchScreen.storyboard in Resources */ = {isa = PBXBuildFile; fileRef = FD174EC92464043D0090A002 /* LaunchScreen.storyboard */; };
		FD174EE924641AE40090A002 /* Item.swift in Sources */ = {isa = PBXBuildFile; fileRef = FD174EE824641AE40090A002 /* Item.swift */; };
		FD174EEB24645A8F0090A002 /* DataItems.swift in Sources */ = {isa = PBXBuildFile; fileRef = FD174EEA24645A8F0090A002 /* DataItems.swift */; };
		FD40C92B24BB603700DE019A /* MetodsForUser.swift in Sources */ = {isa = PBXBuildFile; fileRef = FD40C92A24BB603700DE019A /* MetodsForUser.swift */; };
		FD40C92D24BB7FCB00DE019A /* DataSourseForTableWords.swift in Sources */ = {isa = PBXBuildFile; fileRef = FD40C92C24BB7FCB00DE019A /* DataSourseForTableWords.swift */; };
		FD4A34A224C89CDE000E7B04 /* NetworkingForKey in Resources */ = {isa = PBXBuildFile; fileRef = FD4A34A124C89CDE000E7B04 /* NetworkingForKey */; };
		FD60B5CA247092340042D3E2 /* MainBase.realm in Sources */ = {isa = PBXBuildFile; fileRef = FDAC4C4624708885008569B5 /* MainBase.realm */; };
		FD60B5CC247097380042D3E2 /* MainBase.realm in Resources */ = {isa = PBXBuildFile; fileRef = FDAC4C4624708885008569B5 /* MainBase.realm */; };
		FD6395E1246F468A0060CA41 /* ModelViewLogIn.swift in Sources */ = {isa = PBXBuildFile; fileRef = FD6395E0246F468A0060CA41 /* ModelViewLogIn.swift */; };
		FD67A96D249DFA4C00FF210A /* ColorScheme.swift in Sources */ = {isa = PBXBuildFile; fileRef = FD67A96C249DFA4C00FF210A /* ColorScheme.swift */; };
		FD67A96F24A0769800FF210A /* CoordinatorRenameDictionary.swift in Sources */ = {isa = PBXBuildFile; fileRef = FD67A96E24A0769800FF210A /* CoordinatorRenameDictionary.swift */; };
		FD67A97124A078EB00FF210A /* ModelViewRenameDictionary.swift in Sources */ = {isa = PBXBuildFile; fileRef = FD67A97024A078EB00FF210A /* ModelViewRenameDictionary.swift */; };
		FD67A97324A0899500FF210A /* ViewControllerRenameDictionary.swift in Sources */ = {isa = PBXBuildFile; fileRef = FD67A97224A0899500FF210A /* ViewControllerRenameDictionary.swift */; };
		FD6E9CF624A9FC8C006183F1 /* RequestsAPIYandexDictionary.swift in Sources */ = {isa = PBXBuildFile; fileRef = FD6E9CF524A9FC8C006183F1 /* RequestsAPIYandexDictionary.swift */; };
		FD72713C24AB8567007917BD /* ViewControllerLaunchApp.swift in Sources */ = {isa = PBXBuildFile; fileRef = FD72713B24AB8567007917BD /* ViewControllerLaunchApp.swift */; };
		FD79E7912492D61300661CCF /* ModelRealmBase.swift in Sources */ = {isa = PBXBuildFile; fileRef = FD79E7902492D61300661CCF /* ModelRealmBase.swift */; };
		FD7B9A1424A2043E00B421DA /* ViewControllerDictionary.swift in Sources */ = {isa = PBXBuildFile; fileRef = FD7B9A1324A2043E00B421DA /* ViewControllerDictionary.swift */; };
		FD7B9A1624A244DF00B421DA /* HeaderForTableViewListDictionaries.swift in Sources */ = {isa = PBXBuildFile; fileRef = FD7B9A1524A244DF00B421DA /* HeaderForTableViewListDictionaries.swift */; };
		FD81A37F24BA14F4000F4D6F /* ModelTableVeiwSectionDictionary.swift in Sources */ = {isa = PBXBuildFile; fileRef = FD81A37E24BA14F4000F4D6F /* ModelTableVeiwSectionDictionary.swift */; };
		FD8B871F24B9E99600B88CC0 /* TableViewCellDictionaryWord.swift in Sources */ = {isa = PBXBuildFile; fileRef = FD8B871E24B9E99600B88CC0 /* TableViewCellDictionaryWord.swift */; };
		FD97B1F22495653900E0E28A /* CoordinatorNewDictionary.swift in Sources */ = {isa = PBXBuildFile; fileRef = FD97B1F12495653900E0E28A /* CoordinatorNewDictionary.swift */; };
		FD97B1F42495664600E0E28A /* ModelViewNewDictionary.swift in Sources */ = {isa = PBXBuildFile; fileRef = FD97B1F32495664600E0E28A /* ModelViewNewDictionary.swift */; };
		FD97B1F6249566D800E0E28A /* ViewControllerNewDictionary.swift in Sources */ = {isa = PBXBuildFile; fileRef = FD97B1F5249566D800E0E28A /* ViewControllerNewDictionary.swift */; };
		FD9FBC43246868620058F9A8 /* WordObject.swift in Sources */ = {isa = PBXBuildFile; fileRef = FD9FBC42246868620058F9A8 /* WordObject.swift */; };
		FDA4C9D924A7248D00815726 /* ModelSectionDictionary.swift in Sources */ = {isa = PBXBuildFile; fileRef = FDA4C9D824A7248D00815726 /* ModelSectionDictionary.swift */; };
		FDAC4C31246FD384008569B5 /* RusMeaningObject.swift in Sources */ = {isa = PBXBuildFile; fileRef = FDAC4C30246FD384008569B5 /* RusMeaningObject.swift */; };
		FDAC4C33246FD3C9008569B5 /* ExampleForRusMeaningObject.swift in Sources */ = {isa = PBXBuildFile; fileRef = FDAC4C32246FD3C9008569B5 /* ExampleForRusMeaningObject.swift */; };
		FDAC4C35246FD491008569B5 /* DictionaryObjectRealm.swift in Sources */ = {isa = PBXBuildFile; fileRef = FDAC4C34246FD491008569B5 /* DictionaryObjectRealm.swift */; };
		FDAC4C37246FD850008569B5 /* UserObjectRealm.swift in Sources */ = {isa = PBXBuildFile; fileRef = FDAC4C36246FD850008569B5 /* UserObjectRealm.swift */; };
		FDAC4C39246FECBF008569B5 /* RealmUser.swift in Sources */ = {isa = PBXBuildFile; fileRef = FDAC4C38246FECBF008569B5 /* RealmUser.swift */; };
		FDAC4C3B246FF8EE008569B5 /* ViewControllerListDictionary.swift in Sources */ = {isa = PBXBuildFile; fileRef = FDAC4C3A246FF8EE008569B5 /* ViewControllerListDictionary.swift */; };
		FDAC4C3D247010A3008569B5 /* ModelViewListDictionary.swift in Sources */ = {isa = PBXBuildFile; fileRef = FDAC4C3C247010A3008569B5 /* ModelViewListDictionary.swift */; };
		FDAC4C3F24701DE9008569B5 /* MetodsForDictionary.swift in Sources */ = {isa = PBXBuildFile; fileRef = FDAC4C3E24701DE9008569B5 /* MetodsForDictionary.swift */; };
		FDAC4C4324707B7E008569B5 /* TableViewCellListDictionary.swift in Sources */ = {isa = PBXBuildFile; fileRef = FDAC4C4224707B7E008569B5 /* TableViewCellListDictionary.swift */; };
		FDAF06CF24B8ABB2000DE76C /* MetodsForWords.swift in Sources */ = {isa = PBXBuildFile; fileRef = FDAF06CE24B8ABB2000DE76C /* MetodsForWords.swift */; };
		FDBAB72924A53EDB008748D0 /* CoordinatorDictionary.swift in Sources */ = {isa = PBXBuildFile; fileRef = FDBAB72824A53EDB008748D0 /* CoordinatorDictionary.swift */; };
		FDBAB72B24A53FE0008748D0 /* ModelViewDictionary.swift in Sources */ = {isa = PBXBuildFile; fileRef = FDBAB72A24A53FE0008748D0 /* ModelViewDictionary.swift */; };
		FDE60AF4246D95A500D0A0BB /* Protocols.swift in Sources */ = {isa = PBXBuildFile; fileRef = FDE60AF3246D95A500D0A0BB /* Protocols.swift */; };
		FDE60AF6246D962100D0A0BB /* CoordinatorApp.swift in Sources */ = {isa = PBXBuildFile; fileRef = FDE60AF5246D962100D0A0BB /* CoordinatorApp.swift */; };
		FDE60AF8246D965C00D0A0BB /* CoordinatorLogIn.swift in Sources */ = {isa = PBXBuildFile; fileRef = FDE60AF7246D965C00D0A0BB /* CoordinatorLogIn.swift */; };
		FDE60AFC246D969E00D0A0BB /* CoordinatorListDictionary.swift in Sources */ = {isa = PBXBuildFile; fileRef = FDE60AFB246D969E00D0A0BB /* CoordinatorListDictionary.swift */; };
		FDE60B00246D998E00D0A0BB /* Extensions.swift in Sources */ = {isa = PBXBuildFile; fileRef = FDE60AFF246D998E00D0A0BB /* Extensions.swift */; };
		FDE60B02246DA27D00D0A0BB /* ViewControllerLogin.swift in Sources */ = {isa = PBXBuildFile; fileRef = FDE60B01246DA27D00D0A0BB /* ViewControllerLogin.swift */; };
		FDEB7D7B24CAD94600C44264 /* HeaderDictionary.swift in Sources */ = {isa = PBXBuildFile; fileRef = FDEB7D7A24CAD94600C44264 /* HeaderDictionary.swift */; };
/* End PBXBuildFile section */

/* Begin PBXFileReference section */
		7177F006691783A1AE91A48E /* Pods-WorkApplication.release.xcconfig */ = {isa = PBXFileReference; includeInIndex = 1; lastKnownFileType = text.xcconfig; name = "Pods-WorkApplication.release.xcconfig"; path = "Target Support Files/Pods-WorkApplication/Pods-WorkApplication.release.xcconfig"; sourceTree = "<group>"; };
		D4BA6955D96DB0F4A98705EA /* Pods-WorkApplication.debug.xcconfig */ = {isa = PBXFileReference; includeInIndex = 1; lastKnownFileType = text.xcconfig; name = "Pods-WorkApplication.debug.xcconfig"; path = "Target Support Files/Pods-WorkApplication/Pods-WorkApplication.debug.xcconfig"; sourceTree = "<group>"; };
		D68BEA0D72C9454D6F2B0A2D /* Pods_WorkApplication.framework */ = {isa = PBXFileReference; explicitFileType = wrapper.framework; includeInIndex = 0; path = Pods_WorkApplication.framework; sourceTree = BUILT_PRODUCTS_DIR; };
		FD0A9B6024675227001FA785 /* DictionaryAfterParsing.txt */ = {isa = PBXFileReference; fileEncoding = 4; lastKnownFileType = text; path = DictionaryAfterParsing.txt; sourceTree = "<group>"; };
		FD0D2D5324C05D080065866E /* GlobalConstants.swift */ = {isa = PBXFileReference; lastKnownFileType = sourcecode.swift; path = GlobalConstants.swift; sourceTree = "<group>"; };
		FD0E61ED24B74C9C00AAE6B1 /* WordCodableJSON.swift */ = {isa = PBXFileReference; lastKnownFileType = sourcecode.swift; path = WordCodableJSON.swift; sourceTree = "<group>"; };
		FD0E61EF24B74CBC00AAE6B1 /* WordObjectRealm.swift */ = {isa = PBXFileReference; lastKnownFileType = sourcecode.swift; path = WordObjectRealm.swift; sourceTree = "<group>"; };
		FD174EBB2464043B0090A002 /* WorkApplication.app */ = {isa = PBXFileReference; explicitFileType = wrapper.application; includeInIndex = 0; path = WorkApplication.app; sourceTree = BUILT_PRODUCTS_DIR; };
		FD174EBE2464043B0090A002 /* AppDelegate.swift */ = {isa = PBXFileReference; lastKnownFileType = sourcecode.swift; path = AppDelegate.swift; sourceTree = "<group>"; };
		FD174EC02464043B0090A002 /* SceneDelegate.swift */ = {isa = PBXFileReference; lastKnownFileType = sourcecode.swift; path = SceneDelegate.swift; sourceTree = "<group>"; };
		FD174EC52464043B0090A002 /* Base */ = {isa = PBXFileReference; lastKnownFileType = file.storyboard; name = Base; path = Base.lproj/Main.storyboard; sourceTree = "<group>"; };
		FD174EC72464043D0090A002 /* Assets.xcassets */ = {isa = PBXFileReference; lastKnownFileType = folder.assetcatalog; path = Assets.xcassets; sourceTree = "<group>"; };
		FD174ECA2464043D0090A002 /* Base */ = {isa = PBXFileReference; lastKnownFileType = file.storyboard; name = Base; path = Base.lproj/LaunchScreen.storyboard; sourceTree = "<group>"; };
		FD174ECC2464043D0090A002 /* Info.plist */ = {isa = PBXFileReference; lastKnownFileType = text.plist.xml; path = Info.plist; sourceTree = "<group>"; };
		FD174EE824641AE40090A002 /* Item.swift */ = {isa = PBXFileReference; lastKnownFileType = sourcecode.swift; path = Item.swift; sourceTree = "<group>"; };
		FD174EEA24645A8F0090A002 /* DataItems.swift */ = {isa = PBXFileReference; lastKnownFileType = sourcecode.swift; path = DataItems.swift; sourceTree = "<group>"; };
		FD40C92A24BB603700DE019A /* MetodsForUser.swift */ = {isa = PBXFileReference; lastKnownFileType = sourcecode.swift; path = MetodsForUser.swift; sourceTree = "<group>"; };
		FD40C92C24BB7FCB00DE019A /* DataSourseForTableWords.swift */ = {isa = PBXFileReference; lastKnownFileType = sourcecode.swift; path = DataSourseForTableWords.swift; sourceTree = "<group>"; };
		FD4A34A124C89CDE000E7B04 /* NetworkingForKey */ = {isa = PBXFileReference; lastKnownFileType = folder; path = NetworkingForKey; sourceTree = "<group>"; };
		FD6395E0246F468A0060CA41 /* ModelViewLogIn.swift */ = {isa = PBXFileReference; lastKnownFileType = sourcecode.swift; path = ModelViewLogIn.swift; sourceTree = "<group>"; };
		FD67A96C249DFA4C00FF210A /* ColorScheme.swift */ = {isa = PBXFileReference; lastKnownFileType = sourcecode.swift; path = ColorScheme.swift; sourceTree = "<group>"; };
		FD67A96E24A0769800FF210A /* CoordinatorRenameDictionary.swift */ = {isa = PBXFileReference; lastKnownFileType = sourcecode.swift; path = CoordinatorRenameDictionary.swift; sourceTree = "<group>"; };
		FD67A97024A078EB00FF210A /* ModelViewRenameDictionary.swift */ = {isa = PBXFileReference; lastKnownFileType = sourcecode.swift; path = ModelViewRenameDictionary.swift; sourceTree = "<group>"; };
		FD67A97224A0899500FF210A /* ViewControllerRenameDictionary.swift */ = {isa = PBXFileReference; lastKnownFileType = sourcecode.swift; path = ViewControllerRenameDictionary.swift; sourceTree = "<group>"; };
		FD6E9CF524A9FC8C006183F1 /* RequestsAPIYandexDictionary.swift */ = {isa = PBXFileReference; lastKnownFileType = sourcecode.swift; path = RequestsAPIYandexDictionary.swift; sourceTree = "<group>"; };
		FD72713B24AB8567007917BD /* ViewControllerLaunchApp.swift */ = {isa = PBXFileReference; lastKnownFileType = sourcecode.swift; path = ViewControllerLaunchApp.swift; sourceTree = "<group>"; };
		FD79E7902492D61300661CCF /* ModelRealmBase.swift */ = {isa = PBXFileReference; lastKnownFileType = sourcecode.swift; path = ModelRealmBase.swift; sourceTree = "<group>"; };
		FD7B9A1324A2043E00B421DA /* ViewControllerDictionary.swift */ = {isa = PBXFileReference; lastKnownFileType = sourcecode.swift; path = ViewControllerDictionary.swift; sourceTree = "<group>"; };
		FD7B9A1524A244DF00B421DA /* HeaderForTableViewListDictionaries.swift */ = {isa = PBXFileReference; lastKnownFileType = sourcecode.swift; path = HeaderForTableViewListDictionaries.swift; sourceTree = "<group>"; };
		FD81A37E24BA14F4000F4D6F /* ModelTableVeiwSectionDictionary.swift */ = {isa = PBXFileReference; lastKnownFileType = sourcecode.swift; path = ModelTableVeiwSectionDictionary.swift; sourceTree = "<group>"; };
		FD8B871E24B9E99600B88CC0 /* TableViewCellDictionaryWord.swift */ = {isa = PBXFileReference; lastKnownFileType = sourcecode.swift; path = TableViewCellDictionaryWord.swift; sourceTree = "<group>"; };
		FD97B1F12495653900E0E28A /* CoordinatorNewDictionary.swift */ = {isa = PBXFileReference; lastKnownFileType = sourcecode.swift; path = CoordinatorNewDictionary.swift; sourceTree = "<group>"; };
		FD97B1F32495664600E0E28A /* ModelViewNewDictionary.swift */ = {isa = PBXFileReference; lastKnownFileType = sourcecode.swift; path = ModelViewNewDictionary.swift; sourceTree = "<group>"; };
		FD97B1F5249566D800E0E28A /* ViewControllerNewDictionary.swift */ = {isa = PBXFileReference; lastKnownFileType = sourcecode.swift; path = ViewControllerNewDictionary.swift; sourceTree = "<group>"; };
		FD9FBC42246868620058F9A8 /* WordObject.swift */ = {isa = PBXFileReference; lastKnownFileType = sourcecode.swift; path = WordObject.swift; sourceTree = "<group>"; };
		FDA4C9D824A7248D00815726 /* ModelSectionDictionary.swift */ = {isa = PBXFileReference; lastKnownFileType = sourcecode.swift; path = ModelSectionDictionary.swift; sourceTree = "<group>"; };
		FDAC4C30246FD384008569B5 /* RusMeaningObject.swift */ = {isa = PBXFileReference; lastKnownFileType = sourcecode.swift; path = RusMeaningObject.swift; sourceTree = "<group>"; };
		FDAC4C32246FD3C9008569B5 /* ExampleForRusMeaningObject.swift */ = {isa = PBXFileReference; lastKnownFileType = sourcecode.swift; path = ExampleForRusMeaningObject.swift; sourceTree = "<group>"; };
		FDAC4C34246FD491008569B5 /* DictionaryObjectRealm.swift */ = {isa = PBXFileReference; lastKnownFileType = sourcecode.swift; path = DictionaryObjectRealm.swift; sourceTree = "<group>"; };
		FDAC4C36246FD850008569B5 /* UserObjectRealm.swift */ = {isa = PBXFileReference; lastKnownFileType = sourcecode.swift; path = UserObjectRealm.swift; sourceTree = "<group>"; };
		FDAC4C38246FECBF008569B5 /* RealmUser.swift */ = {isa = PBXFileReference; lastKnownFileType = sourcecode.swift; path = RealmUser.swift; sourceTree = "<group>"; };
		FDAC4C3A246FF8EE008569B5 /* ViewControllerListDictionary.swift */ = {isa = PBXFileReference; lastKnownFileType = sourcecode.swift; path = ViewControllerListDictionary.swift; sourceTree = "<group>"; };
		FDAC4C3C247010A3008569B5 /* ModelViewListDictionary.swift */ = {isa = PBXFileReference; lastKnownFileType = sourcecode.swift; path = ModelViewListDictionary.swift; sourceTree = "<group>"; };
		FDAC4C3E24701DE9008569B5 /* MetodsForDictionary.swift */ = {isa = PBXFileReference; lastKnownFileType = sourcecode.swift; path = MetodsForDictionary.swift; sourceTree = "<group>"; };
		FDAC4C4224707B7E008569B5 /* TableViewCellListDictionary.swift */ = {isa = PBXFileReference; lastKnownFileType = sourcecode.swift; path = TableViewCellListDictionary.swift; sourceTree = "<group>"; };
		FDAC4C4624708885008569B5 /* MainBase.realm */ = {isa = PBXFileReference; lastKnownFileType = file; path = MainBase.realm; sourceTree = "<group>"; };
		FDAF06CE24B8ABB2000DE76C /* MetodsForWords.swift */ = {isa = PBXFileReference; lastKnownFileType = sourcecode.swift; path = MetodsForWords.swift; sourceTree = "<group>"; };
		FDBAB72824A53EDB008748D0 /* CoordinatorDictionary.swift */ = {isa = PBXFileReference; lastKnownFileType = sourcecode.swift; path = CoordinatorDictionary.swift; sourceTree = "<group>"; };
		FDBAB72A24A53FE0008748D0 /* ModelViewDictionary.swift */ = {isa = PBXFileReference; lastKnownFileType = sourcecode.swift; path = ModelViewDictionary.swift; sourceTree = "<group>"; };
		FDE60AF3246D95A500D0A0BB /* Protocols.swift */ = {isa = PBXFileReference; lastKnownFileType = sourcecode.swift; path = Protocols.swift; sourceTree = "<group>"; };
		FDE60AF5246D962100D0A0BB /* CoordinatorApp.swift */ = {isa = PBXFileReference; lastKnownFileType = sourcecode.swift; path = CoordinatorApp.swift; sourceTree = "<group>"; };
		FDE60AF7246D965C00D0A0BB /* CoordinatorLogIn.swift */ = {isa = PBXFileReference; lastKnownFileType = sourcecode.swift; path = CoordinatorLogIn.swift; sourceTree = "<group>"; };
		FDE60AFB246D969E00D0A0BB /* CoordinatorListDictionary.swift */ = {isa = PBXFileReference; lastKnownFileType = sourcecode.swift; path = CoordinatorListDictionary.swift; sourceTree = "<group>"; };
		FDE60AFF246D998E00D0A0BB /* Extensions.swift */ = {isa = PBXFileReference; lastKnownFileType = sourcecode.swift; path = Extensions.swift; sourceTree = "<group>"; };
		FDE60B01246DA27D00D0A0BB /* ViewControllerLogin.swift */ = {isa = PBXFileReference; lastKnownFileType = sourcecode.swift; path = ViewControllerLogin.swift; sourceTree = "<group>"; };
		FDEB7D7A24CAD94600C44264 /* HeaderDictionary.swift */ = {isa = PBXFileReference; lastKnownFileType = sourcecode.swift; path = HeaderDictionary.swift; sourceTree = "<group>"; };
/* End PBXFileReference section */

/* Begin PBXFrameworksBuildPhase section */
		FD174EB82464043B0090A002 /* Frameworks */ = {
			isa = PBXFrameworksBuildPhase;
			buildActionMask = 2147483647;
			files = (
				26EB1D2E72406A5BAA68642D /* Pods_WorkApplication.framework in Frameworks */,
			);
			runOnlyForDeploymentPostprocessing = 0;
		};
/* End PBXFrameworksBuildPhase section */

/* Begin PBXGroup section */
		644EAD86BB79C34659C8F783 /* Frameworks */ = {
			isa = PBXGroup;
			children = (
				D68BEA0D72C9454D6F2B0A2D /* Pods_WorkApplication.framework */,
			);
			name = Frameworks;
			sourceTree = "<group>";
		};
		83F944185498E5C2321E57BB /* Pods */ = {
			isa = PBXGroup;
			children = (
				D4BA6955D96DB0F4A98705EA /* Pods-WorkApplication.debug.xcconfig */,
				7177F006691783A1AE91A48E /* Pods-WorkApplication.release.xcconfig */,
			);
			path = Pods;
			sourceTree = "<group>";
		};
		FD0E61F424B760D800AAE6B1 /* ModelDictionaries */ = {
			isa = PBXGroup;
			children = (
				FDAC4C3E24701DE9008569B5 /* MetodsForDictionary.swift */,
				FDAC4C34246FD491008569B5 /* DictionaryObjectRealm.swift */,
				FDA4C9D824A7248D00815726 /* ModelSectionDictionary.swift */,
			);
			path = ModelDictionaries;
			sourceTree = "<group>";
		};
		FD0E61F524B760FA00AAE6B1 /* ModelWords */ = {
			isa = PBXGroup;
			children = (
				FDAF06CE24B8ABB2000DE76C /* MetodsForWords.swift */,
				FD0E61EF24B74CBC00AAE6B1 /* WordObjectRealm.swift */,
				FD0E61ED24B74C9C00AAE6B1 /* WordCodableJSON.swift */,
			);
			path = ModelWords;
			sourceTree = "<group>";
		};
		FD174EB22464043B0090A002 = {
			isa = PBXGroup;
			children = (
				FD174ECC2464043D0090A002 /* Info.plist */,
				FD174ED6246404F80090A002 /* ExtensionsAndGlobalConstants */,
				FD174EBD2464043B0090A002 /* WorkApplication */,
				FD174EDA24640D6C0090A002 /* Protocols */,
				FDE60AF2246D944600D0A0BB /* AccessoryFilesDontExecute */,
				FD174EBC2464043B0090A002 /* Products */,
				83F944185498E5C2321E57BB /* Pods */,
				644EAD86BB79C34659C8F783 /* Frameworks */,
			);
			sourceTree = "<group>";
		};
		FD174EBC2464043B0090A002 /* Products */ = {
			isa = PBXGroup;
			children = (
				FD174EBB2464043B0090A002 /* WorkApplication.app */,
			);
			name = Products;
			sourceTree = "<group>";
		};
		FD174EBD2464043B0090A002 /* WorkApplication */ = {
			isa = PBXGroup;
			children = (
				FDAC4C4624708885008569B5 /* MainBase.realm */,
				FD174ED72464050C0090A002 /* SoursesFiles */,
				FD911BEC24C3021C00E63A1C /* App */,
				FD911BF024C302DE00E63A1C /* RenameDictionary */,
				FD911BED24C3023A00E63A1C /* LogIn */,
				FD911BEE24C3028900E63A1C /* ListDictionaries */,
				FD911BEF24C302B600E63A1C /* NewDictionary */,
				FD911BF124C3032600E63A1C /* DictionaryOpen */,
				FD174ED5246404B80090A002 /* Models */,
			);
			path = WorkApplication;
			sourceTree = "<group>";
		};
		FD174ED5246404B80090A002 /* Models */ = {
			isa = PBXGroup;
			children = (
				FD0E61F424B760D800AAE6B1 /* ModelDictionaries */,
				FD0E61F524B760FA00AAE6B1 /* ModelWords */,
				FD174EE32464102A0090A002 /* ModelDataForUser */,
				FD72713224AB3DE4007917BD /* ModelForAPIYandexDictionary */,
				FD174EE2246410170090A002 /* ModelDataRealmShared */,
			);
			path = Models;
			sourceTree = "<group>";
		};
		FD174ED6246404F80090A002 /* ExtensionsAndGlobalConstants */ = {
			isa = PBXGroup;
			children = (
				FD67A96C249DFA4C00FF210A /* ColorScheme.swift */,
				FD0D2D5324C05D080065866E /* GlobalConstants.swift */,
				FDE60AFF246D998E00D0A0BB /* Extensions.swift */,
			);
			path = ExtensionsAndGlobalConstants;
			sourceTree = "<group>";
		};
		FD174ED72464050C0090A002 /* SoursesFiles */ = {
			isa = PBXGroup;
			children = (
				FD174EC02464043B0090A002 /* SceneDelegate.swift */,
				FD174EBE2464043B0090A002 /* AppDelegate.swift */,
				FD174EC72464043D0090A002 /* Assets.xcassets */,
				FD174EC92464043D0090A002 /* LaunchScreen.storyboard */,
				FD174EC42464043B0090A002 /* Main.storyboard */,
			);
			path = SoursesFiles;
			sourceTree = "<group>";
		};
		FD174EDA24640D6C0090A002 /* Protocols */ = {
			isa = PBXGroup;
			children = (
				FDE60AF3246D95A500D0A0BB /* Protocols.swift */,
			);
			path = Protocols;
			sourceTree = "<group>";
		};
		FD174EE2246410170090A002 /* ModelDataRealmShared */ = {
			isa = PBXGroup;
			children = (
				FD79E7902492D61300661CCF /* ModelRealmBase.swift */,
				FD9FBC42246868620058F9A8 /* WordObject.swift */,
				FDAC4C30246FD384008569B5 /* RusMeaningObject.swift */,
				FDAC4C32246FD3C9008569B5 /* ExampleForRusMeaningObject.swift */,
			);
			path = ModelDataRealmShared;
			sourceTree = "<group>";
		};
		FD174EE32464102A0090A002 /* ModelDataForUser */ = {
			isa = PBXGroup;
			children = (
				FD40C92A24BB603700DE019A /* MetodsForUser.swift */,
				FDAC4C36246FD850008569B5 /* UserObjectRealm.swift */,
				FDAC4C38246FECBF008569B5 /* RealmUser.swift */,
			);
			path = ModelDataForUser;
			sourceTree = "<group>";
		};
		FD72713224AB3DE4007917BD /* ModelForAPIYandexDictionary */ = {
			isa = PBXGroup;
			children = (
				FD4A34A124C89CDE000E7B04 /* NetworkingForKey */,
				FD6E9CF524A9FC8C006183F1 /* RequestsAPIYandexDictionary.swift */,
			);
			path = ModelForAPIYandexDictionary;
			sourceTree = "<group>";
		};
		FD81A37D24BA14A5000F4D6F /* ModelVeiwDictionary */ = {
			isa = PBXGroup;
			children = (
				FDBAB72A24A53FE0008748D0 /* ModelViewDictionary.swift */,
				FD81A37E24BA14F4000F4D6F /* ModelTableVeiwSectionDictionary.swift */,
			);
			path = ModelVeiwDictionary;
			sourceTree = "<group>";
		};
		FD8B871C24B9E90100B88CC0 /* UIForListDictionary */ = {
			isa = PBXGroup;
			children = (
				FDAC4C3A246FF8EE008569B5 /* ViewControllerListDictionary.swift */,
				FD7B9A1524A244DF00B421DA /* HeaderForTableViewListDictionaries.swift */,
				FDAC4C4224707B7E008569B5 /* TableViewCellListDictionary.swift */,
			);
			path = UIForListDictionary;
			sourceTree = "<group>";
		};
		FD8B871D24B9E92E00B88CC0 /* UIForDictionary */ = {
			isa = PBXGroup;
			children = (
				FD7B9A1324A2043E00B421DA /* ViewControllerDictionary.swift */,
				FD8B871E24B9E99600B88CC0 /* TableViewCellDictionaryWord.swift */,
				FDEB7D7A24CAD94600C44264 /* HeaderDictionary.swift */,
			);
			path = UIForDictionary;
			sourceTree = "<group>";
		};
		FD911BEC24C3021C00E63A1C /* App */ = {
			isa = PBXGroup;
			children = (
				FD72713B24AB8567007917BD /* ViewControllerLaunchApp.swift */,
				FDE60AF5246D962100D0A0BB /* CoordinatorApp.swift */,
			);
			path = App;
			sourceTree = "<group>";
		};
		FD911BED24C3023A00E63A1C /* LogIn */ = {
			isa = PBXGroup;
			children = (
				FD6395E0246F468A0060CA41 /* ModelViewLogIn.swift */,
				FDE60AF7246D965C00D0A0BB /* CoordinatorLogIn.swift */,
				FDE60B01246DA27D00D0A0BB /* ViewControllerLogin.swift */,
			);
			path = LogIn;
			sourceTree = "<group>";
		};
		FD911BEE24C3028900E63A1C /* ListDictionaries */ = {
			isa = PBXGroup;
			children = (
				FD8B871C24B9E90100B88CC0 /* UIForListDictionary */,
				FDAC4C3C247010A3008569B5 /* ModelViewListDictionary.swift */,
				FDE60AFB246D969E00D0A0BB /* CoordinatorListDictionary.swift */,
			);
			path = ListDictionaries;
			sourceTree = "<group>";
		};
		FD911BEF24C302B600E63A1C /* NewDictionary */ = {
			isa = PBXGroup;
			children = (
				FD97B1F5249566D800E0E28A /* ViewControllerNewDictionary.swift */,
				FD97B1F12495653900E0E28A /* CoordinatorNewDictionary.swift */,
				FD97B1F32495664600E0E28A /* ModelViewNewDictionary.swift */,
			);
			path = NewDictionary;
			sourceTree = "<group>";
		};
		FD911BF024C302DE00E63A1C /* RenameDictionary */ = {
			isa = PBXGroup;
			children = (
				FD67A97224A0899500FF210A /* ViewControllerRenameDictionary.swift */,
				FD67A97024A078EB00FF210A /* ModelViewRenameDictionary.swift */,
				FD67A96E24A0769800FF210A /* CoordinatorRenameDictionary.swift */,
			);
			path = RenameDictionary;
			sourceTree = "<group>";
		};
		FD911BF124C3032600E63A1C /* DictionaryOpen */ = {
			isa = PBXGroup;
			children = (
				FD81A37D24BA14A5000F4D6F /* ModelVeiwDictionary */,
				FD8B871D24B9E92E00B88CC0 /* UIForDictionary */,
				FDBAB72824A53EDB008748D0 /* CoordinatorDictionary.swift */,
				FD40C92C24BB7FCB00DE019A /* DataSourseForTableWords.swift */,
			);
			path = DictionaryOpen;
			sourceTree = "<group>";
		};
		FDE60AF2246D944600D0A0BB /* AccessoryFilesDontExecute */ = {
			isa = PBXGroup;
			children = (
				FD0A9B6024675227001FA785 /* DictionaryAfterParsing.txt */,
				FD174EEA24645A8F0090A002 /* DataItems.swift */,
				FD174EE824641AE40090A002 /* Item.swift */,
			);
			path = AccessoryFilesDontExecute;
			sourceTree = "<group>";
		};
/* End PBXGroup section */

/* Begin PBXNativeTarget section */
		FD174EBA2464043B0090A002 /* WorkApplication */ = {
			isa = PBXNativeTarget;
			buildConfigurationList = FD174ECF2464043D0090A002 /* Build configuration list for PBXNativeTarget "WorkApplication" */;
			buildPhases = (
				4A9EB688600E69F0DF595BB8 /* [CP] Check Pods Manifest.lock */,
				FD174EB72464043B0090A002 /* Sources */,
				FD174EB82464043B0090A002 /* Frameworks */,
				FD174EB92464043B0090A002 /* Resources */,
				FFE87DEE5FAD15BFAF6C30D2 /* [CP] Embed Pods Frameworks */,
			);
			buildRules = (
			);
			dependencies = (
			);
			name = WorkApplication;
			productName = WorkApplication;
			productReference = FD174EBB2464043B0090A002 /* WorkApplication.app */;
			productType = "com.apple.product-type.application";
		};
/* End PBXNativeTarget section */

/* Begin PBXProject section */
		FD174EB32464043B0090A002 /* Project object */ = {
			isa = PBXProject;
			attributes = {
				LastSwiftUpdateCheck = 1130;
				LastUpgradeCheck = 1130;
				ORGANIZATIONNAME = AnatolyRyavkin;
				TargetAttributes = {
					FD174EBA2464043B0090A002 = {
						CreatedOnToolsVersion = 11.3.1;
						LastSwiftMigration = 1150;
					};
				};
			};
			buildConfigurationList = FD174EB62464043B0090A002 /* Build configuration list for PBXProject "WorkApplication" */;
			compatibilityVersion = "Xcode 9.3";
			developmentRegion = en;
			hasScannedForEncodings = 0;
			knownRegions = (
				en,
				Base,
			);
			mainGroup = FD174EB22464043B0090A002;
			productRefGroup = FD174EBC2464043B0090A002 /* Products */;
			projectDirPath = "";
			projectRoot = "";
			targets = (
				FD174EBA2464043B0090A002 /* WorkApplication */,
			);
		};
/* End PBXProject section */

/* Begin PBXResourcesBuildPhase section */
		FD174EB92464043B0090A002 /* Resources */ = {
			isa = PBXResourcesBuildPhase;
			buildActionMask = 2147483647;
			files = (
				FD60B5CC247097380042D3E2 /* MainBase.realm in Resources */,
				FD174ECB2464043D0090A002 /* LaunchScreen.storyboard in Resources */,
				FD174EC82464043D0090A002 /* Assets.xcassets in Resources */,
				FD174EC62464043B0090A002 /* Main.storyboard in Resources */,
				FD4A34A224C89CDE000E7B04 /* NetworkingForKey in Resources */,
				FD0A9B6124675227001FA785 /* DictionaryAfterParsing.txt in Resources */,
			);
			runOnlyForDeploymentPostprocessing = 0;
		};
/* End PBXResourcesBuildPhase section */

/* Begin PBXShellScriptBuildPhase section */
		4A9EB688600E69F0DF595BB8 /* [CP] Check Pods Manifest.lock */ = {
			isa = PBXShellScriptBuildPhase;
			buildActionMask = 2147483647;
			files = (
			);
			inputFileListPaths = (
			);
			inputPaths = (
				"${PODS_PODFILE_DIR_PATH}/Podfile.lock",
				"${PODS_ROOT}/Manifest.lock",
			);
			name = "[CP] Check Pods Manifest.lock";
			outputFileListPaths = (
			);
			outputPaths = (
				"$(DERIVED_FILE_DIR)/Pods-WorkApplication-checkManifestLockResult.txt",
			);
			runOnlyForDeploymentPostprocessing = 0;
			shellPath = /bin/sh;
			shellScript = "diff \"${PODS_PODFILE_DIR_PATH}/Podfile.lock\" \"${PODS_ROOT}/Manifest.lock\" > /dev/null\nif [ $? != 0 ] ; then\n    # print error to STDERR\n    echo \"error: The sandbox is not in sync with the Podfile.lock. Run 'pod install' or update your CocoaPods installation.\" >&2\n    exit 1\nfi\n# This output is used by Xcode 'outputs' to avoid re-running this script phase.\necho \"SUCCESS\" > \"${SCRIPT_OUTPUT_FILE_0}\"\n";
			showEnvVarsInLog = 0;
		};
		FFE87DEE5FAD15BFAF6C30D2 /* [CP] Embed Pods Frameworks */ = {
			isa = PBXShellScriptBuildPhase;
			buildActionMask = 2147483647;
			files = (
			);
			inputFileListPaths = (
				"${PODS_ROOT}/Target Support Files/Pods-WorkApplication/Pods-WorkApplication-frameworks-${CONFIGURATION}-input-files.xcfilelist",
			);
			name = "[CP] Embed Pods Frameworks";
			outputFileListPaths = (
				"${PODS_ROOT}/Target Support Files/Pods-WorkApplication/Pods-WorkApplication-frameworks-${CONFIGURATION}-output-files.xcfilelist",
			);
			runOnlyForDeploymentPostprocessing = 0;
			shellPath = /bin/sh;
			shellScript = "\"${PODS_ROOT}/Target Support Files/Pods-WorkApplication/Pods-WorkApplication-frameworks.sh\"\n";
			showEnvVarsInLog = 0;
		};
/* End PBXShellScriptBuildPhase section */

/* Begin PBXSourcesBuildPhase section */
		FD174EB72464043B0090A002 /* Sources */ = {
			isa = PBXSourcesBuildPhase;
			buildActionMask = 2147483647;
			files = (
				FD40C92B24BB603700DE019A /* MetodsForUser.swift in Sources */,
				FD60B5CA247092340042D3E2 /* MainBase.realm in Sources */,
				FD97B1F42495664600E0E28A /* ModelViewNewDictionary.swift in Sources */,
				FDAF06CF24B8ABB2000DE76C /* MetodsForWords.swift in Sources */,
				FD7B9A1424A2043E00B421DA /* ViewControllerDictionary.swift in Sources */,
				FD9FBC43246868620058F9A8 /* WordObject.swift in Sources */,
				FD67A96D249DFA4C00FF210A /* ColorScheme.swift in Sources */,
				FDAC4C3B246FF8EE008569B5 /* ViewControllerListDictionary.swift in Sources */,
				FD97B1F6249566D800E0E28A /* ViewControllerNewDictionary.swift in Sources */,
				FDE60B00246D998E00D0A0BB /* Extensions.swift in Sources */,
				FD72713C24AB8567007917BD /* ViewControllerLaunchApp.swift in Sources */,
				FD97B1F22495653900E0E28A /* CoordinatorNewDictionary.swift in Sources */,
				FD0D2D5424C05D080065866E /* GlobalConstants.swift in Sources */,
				FD0E61F024B74CBC00AAE6B1 /* WordObjectRealm.swift in Sources */,
				FDE60B02246DA27D00D0A0BB /* ViewControllerLogin.swift in Sources */,
				FDAC4C4324707B7E008569B5 /* TableViewCellListDictionary.swift in Sources */,
				FD7B9A1624A244DF00B421DA /* HeaderForTableViewListDictionaries.swift in Sources */,
				FDE60AFC246D969E00D0A0BB /* CoordinatorListDictionary.swift in Sources */,
				FD0E61EE24B74C9C00AAE6B1 /* WordCodableJSON.swift in Sources */,
				FD79E7912492D61300661CCF /* ModelRealmBase.swift in Sources */,
				FD40C92D24BB7FCB00DE019A /* DataSourseForTableWords.swift in Sources */,
				FDE60AF8246D965C00D0A0BB /* CoordinatorLogIn.swift in Sources */,
				FD67A96F24A0769800FF210A /* CoordinatorRenameDictionary.swift in Sources */,
				FD67A97324A0899500FF210A /* ViewControllerRenameDictionary.swift in Sources */,
				FDBAB72B24A53FE0008748D0 /* ModelViewDictionary.swift in Sources */,
				FD81A37F24BA14F4000F4D6F /* ModelTableVeiwSectionDictionary.swift in Sources */,
				FDBAB72924A53EDB008748D0 /* CoordinatorDictionary.swift in Sources */,
				FDAC4C31246FD384008569B5 /* RusMeaningObject.swift in Sources */,
				FDAC4C39246FECBF008569B5 /* RealmUser.swift in Sources */,
				FDAC4C37246FD850008569B5 /* UserObjectRealm.swift in Sources */,
				FD174EEB24645A8F0090A002 /* DataItems.swift in Sources */,
				FD174EE924641AE40090A002 /* Item.swift in Sources */,
				FDEB7D7B24CAD94600C44264 /* HeaderDictionary.swift in Sources */,
				FD6E9CF624A9FC8C006183F1 /* RequestsAPIYandexDictionary.swift in Sources */,
				FD174EBF2464043B0090A002 /* AppDelegate.swift in Sources */,
				FDE60AF6246D962100D0A0BB /* CoordinatorApp.swift in Sources */,
				FDAC4C35246FD491008569B5 /* DictionaryObjectRealm.swift in Sources */,
				FD67A97124A078EB00FF210A /* ModelViewRenameDictionary.swift in Sources */,
				FDAC4C3D247010A3008569B5 /* ModelViewListDictionary.swift in Sources */,
				FDAC4C33246FD3C9008569B5 /* ExampleForRusMeaningObject.swift in Sources */,
				FD174EC12464043B0090A002 /* SceneDelegate.swift in Sources */,
				FDA4C9D924A7248D00815726 /* ModelSectionDictionary.swift in Sources */,
				FD8B871F24B9E99600B88CC0 /* TableViewCellDictionaryWord.swift in Sources */,
				FDAC4C3F24701DE9008569B5 /* MetodsForDictionary.swift in Sources */,
				FD6395E1246F468A0060CA41 /* ModelViewLogIn.swift in Sources */,
				FDE60AF4246D95A500D0A0BB /* Protocols.swift in Sources */,
			);
			runOnlyForDeploymentPostprocessing = 0;
		};
/* End PBXSourcesBuildPhase section */

/* Begin PBXVariantGroup section */
		FD174EC42464043B0090A002 /* Main.storyboard */ = {
			isa = PBXVariantGroup;
			children = (
				FD174EC52464043B0090A002 /* Base */,
			);
			name = Main.storyboard;
			sourceTree = "<group>";
		};
		FD174EC92464043D0090A002 /* LaunchScreen.storyboard */ = {
			isa = PBXVariantGroup;
			children = (
				FD174ECA2464043D0090A002 /* Base */,
			);
			name = LaunchScreen.storyboard;
			sourceTree = "<group>";
		};
/* End PBXVariantGroup section */

/* Begin XCBuildConfiguration section */
		FD174ECD2464043D0090A002 /* Debug */ = {
			isa = XCBuildConfiguration;
			buildSettings = {
				ALWAYS_SEARCH_USER_PATHS = NO;
				CLANG_ANALYZER_NONNULL = YES;
				CLANG_ANALYZER_NUMBER_OBJECT_CONVERSION = YES_AGGRESSIVE;
				CLANG_CXX_LANGUAGE_STANDARD = "gnu++14";
				CLANG_CXX_LIBRARY = "libc++";
				CLANG_ENABLE_MODULES = YES;
				CLANG_ENABLE_OBJC_ARC = YES;
				CLANG_ENABLE_OBJC_WEAK = YES;
				CLANG_WARN_BLOCK_CAPTURE_AUTORELEASING = YES;
				CLANG_WARN_BOOL_CONVERSION = YES;
				CLANG_WARN_COMMA = YES;
				CLANG_WARN_CONSTANT_CONVERSION = YES;
				CLANG_WARN_DEPRECATED_OBJC_IMPLEMENTATIONS = YES;
				CLANG_WARN_DIRECT_OBJC_ISA_USAGE = YES_ERROR;
				CLANG_WARN_DOCUMENTATION_COMMENTS = YES;
				CLANG_WARN_EMPTY_BODY = YES;
				CLANG_WARN_ENUM_CONVERSION = YES;
				CLANG_WARN_INFINITE_RECURSION = YES;
				CLANG_WARN_INT_CONVERSION = YES;
				CLANG_WARN_NON_LITERAL_NULL_CONVERSION = YES;
				CLANG_WARN_OBJC_IMPLICIT_RETAIN_SELF = YES;
				CLANG_WARN_OBJC_LITERAL_CONVERSION = YES;
				CLANG_WARN_OBJC_ROOT_CLASS = YES_ERROR;
				CLANG_WARN_RANGE_LOOP_ANALYSIS = YES;
				CLANG_WARN_STRICT_PROTOTYPES = YES;
				CLANG_WARN_SUSPICIOUS_MOVE = YES;
				CLANG_WARN_UNGUARDED_AVAILABILITY = YES_AGGRESSIVE;
				CLANG_WARN_UNREACHABLE_CODE = YES;
				CLANG_WARN__DUPLICATE_METHOD_MATCH = YES;
				COPY_PHASE_STRIP = NO;
				DEBUG_INFORMATION_FORMAT = dwarf;
				ENABLE_STRICT_OBJC_MSGSEND = YES;
				ENABLE_TESTABILITY = YES;
				GCC_C_LANGUAGE_STANDARD = gnu11;
				GCC_DYNAMIC_NO_PIC = NO;
				GCC_NO_COMMON_BLOCKS = YES;
				GCC_OPTIMIZATION_LEVEL = 0;
				GCC_PREPROCESSOR_DEFINITIONS = (
					"DEBUG=1",
					"$(inherited)",
				);
				GCC_WARN_64_TO_32_BIT_CONVERSION = YES;
				GCC_WARN_ABOUT_RETURN_TYPE = YES_ERROR;
				GCC_WARN_UNDECLARED_SELECTOR = YES;
				GCC_WARN_UNINITIALIZED_AUTOS = YES_AGGRESSIVE;
				GCC_WARN_UNUSED_FUNCTION = YES;
				GCC_WARN_UNUSED_VARIABLE = YES;
				IPHONEOS_DEPLOYMENT_TARGET = 13.2;
				MTL_ENABLE_DEBUG_INFO = INCLUDE_SOURCE;
				MTL_FAST_MATH = YES;
				ONLY_ACTIVE_ARCH = YES;
				SDKROOT = iphoneos;
				SWIFT_ACTIVE_COMPILATION_CONDITIONS = DEBUG;
				SWIFT_OPTIMIZATION_LEVEL = "-Onone";
			};
			name = Debug;
		};
		FD174ECE2464043D0090A002 /* Release */ = {
			isa = XCBuildConfiguration;
			buildSettings = {
				ALWAYS_SEARCH_USER_PATHS = NO;
				CLANG_ANALYZER_NONNULL = YES;
				CLANG_ANALYZER_NUMBER_OBJECT_CONVERSION = YES_AGGRESSIVE;
				CLANG_CXX_LANGUAGE_STANDARD = "gnu++14";
				CLANG_CXX_LIBRARY = "libc++";
				CLANG_ENABLE_MODULES = YES;
				CLANG_ENABLE_OBJC_ARC = YES;
				CLANG_ENABLE_OBJC_WEAK = YES;
				CLANG_WARN_BLOCK_CAPTURE_AUTORELEASING = YES;
				CLANG_WARN_BOOL_CONVERSION = YES;
				CLANG_WARN_COMMA = YES;
				CLANG_WARN_CONSTANT_CONVERSION = YES;
				CLANG_WARN_DEPRECATED_OBJC_IMPLEMENTATIONS = YES;
				CLANG_WARN_DIRECT_OBJC_ISA_USAGE = YES_ERROR;
				CLANG_WARN_DOCUMENTATION_COMMENTS = YES;
				CLANG_WARN_EMPTY_BODY = YES;
				CLANG_WARN_ENUM_CONVERSION = YES;
				CLANG_WARN_INFINITE_RECURSION = YES;
				CLANG_WARN_INT_CONVERSION = YES;
				CLANG_WARN_NON_LITERAL_NULL_CONVERSION = YES;
				CLANG_WARN_OBJC_IMPLICIT_RETAIN_SELF = YES;
				CLANG_WARN_OBJC_LITERAL_CONVERSION = YES;
				CLANG_WARN_OBJC_ROOT_CLASS = YES_ERROR;
				CLANG_WARN_RANGE_LOOP_ANALYSIS = YES;
				CLANG_WARN_STRICT_PROTOTYPES = YES;
				CLANG_WARN_SUSPICIOUS_MOVE = YES;
				CLANG_WARN_UNGUARDED_AVAILABILITY = YES_AGGRESSIVE;
				CLANG_WARN_UNREACHABLE_CODE = YES;
				CLANG_WARN__DUPLICATE_METHOD_MATCH = YES;
				COPY_PHASE_STRIP = NO;
				DEBUG_INFORMATION_FORMAT = "dwarf-with-dsym";
				ENABLE_NS_ASSERTIONS = NO;
				ENABLE_STRICT_OBJC_MSGSEND = YES;
				GCC_C_LANGUAGE_STANDARD = gnu11;
				GCC_NO_COMMON_BLOCKS = YES;
				GCC_WARN_64_TO_32_BIT_CONVERSION = YES;
				GCC_WARN_ABOUT_RETURN_TYPE = YES_ERROR;
				GCC_WARN_UNDECLARED_SELECTOR = YES;
				GCC_WARN_UNINITIALIZED_AUTOS = YES_AGGRESSIVE;
				GCC_WARN_UNUSED_FUNCTION = YES;
				GCC_WARN_UNUSED_VARIABLE = YES;
				IPHONEOS_DEPLOYMENT_TARGET = 13.2;
				MTL_ENABLE_DEBUG_INFO = NO;
				MTL_FAST_MATH = YES;
				SDKROOT = iphoneos;
				SWIFT_COMPILATION_MODE = wholemodule;
				SWIFT_OPTIMIZATION_LEVEL = "-O";
				VALIDATE_PRODUCT = YES;
			};
			name = Release;
		};
		FD174ED02464043D0090A002 /* Debug */ = {
			isa = XCBuildConfiguration;
			baseConfigurationReference = D4BA6955D96DB0F4A98705EA /* Pods-WorkApplication.debug.xcconfig */;
			buildSettings = {
				ASSETCATALOG_COMPILER_APPICON_NAME = AppIcon;
				CLANG_ENABLE_MODULES = YES;
				CODE_SIGN_STYLE = Automatic;
				DEVELOPMENT_ASSET_PATHS = WorkApplication/MainBase.realm;
				DEVELOPMENT_TEAM = 92NKZ7998L;
				INFOPLIST_FILE = "$(SRCROOT)/Info.plist";
				IPHONEOS_DEPLOYMENT_TARGET = 13.2;
				LD_RUNPATH_SEARCH_PATHS = (
					"$(inherited)",
					"@executable_path/Frameworks",
				);
				PRODUCT_BUNDLE_IDENTIFIER = .com.toryavkin.WorkApplication;
				PRODUCT_NAME = "$(TARGET_NAME)";
				SWIFT_ACTIVE_COMPILATION_CONDITIONS = "DEBUG DEBUGPPRINT";
				SWIFT_OBJC_BRIDGING_HEADER = "";
				SWIFT_OPTIMIZATION_LEVEL = "-Onone";
				SWIFT_VERSION = 5.0;
				TARGETED_DEVICE_FAMILY = "1,2";
			};
			name = Debug;
		};
		FD174ED12464043D0090A002 /* Release */ = {
			isa = XCBuildConfiguration;
			baseConfigurationReference = 7177F006691783A1AE91A48E /* Pods-WorkApplication.release.xcconfig */;
			buildSettings = {
				ASSETCATALOG_COMPILER_APPICON_NAME = AppIcon;
				CLANG_ENABLE_MODULES = YES;
				CODE_SIGN_STYLE = Automatic;
				DEVELOPMENT_ASSET_PATHS = WorkApplication/MainBase.realm;
				DEVELOPMENT_TEAM = 92NKZ7998L;
				INFOPLIST_FILE = "$(SRCROOT)/Info.plist";
				IPHONEOS_DEPLOYMENT_TARGET = 13.2;
				LD_RUNPATH_SEARCH_PATHS = (
					"$(inherited)",
					"@executable_path/Frameworks",
				);
				PRODUCT_BUNDLE_IDENTIFIER = .com.toryavkin.WorkApplication;
				PRODUCT_NAME = "$(TARGET_NAME)";
				SWIFT_OBJC_BRIDGING_HEADER = "";
				SWIFT_VERSION = 5.0;
				TARGETED_DEVICE_FAMILY = "1,2";
			};
			name = Release;
		};
/* End XCBuildConfiguration section */

/* Begin XCConfigurationList section */
		FD174EB62464043B0090A002 /* Build configuration list for PBXProject "WorkApplication" */ = {
			isa = XCConfigurationList;
			buildConfigurations = (
				FD174ECD2464043D0090A002 /* Debug */,
				FD174ECE2464043D0090A002 /* Release */,
			);
			defaultConfigurationIsVisible = 0;
			defaultConfigurationName = Release;
		};
		FD174ECF2464043D0090A002 /* Build configuration list for PBXNativeTarget "WorkApplication" */ = {
			isa = XCConfigurationList;
			buildConfigurations = (
				FD174ED02464043D0090A002 /* Debug */,
				FD174ED12464043D0090A002 /* Release */,
			);
			defaultConfigurationIsVisible = 0;
			defaultConfigurationName = Release;
		};
/* End XCConfigurationList section */
	};
	rootObject = FD174EB32464043B0090A002 /* Project object */;
}
