// !$*UTF8*$!
{
	archiveVersion = 1;
	classes = {
	};
	objectVersion = 51;
	objects = {

/* Begin PBXBuildFile section */
		26EB1D2E72406A5BAA68642D /* Pods_WorkApplication.framework in Frameworks */ = {isa = PBXBuildFile; fileRef = D68BEA0D72C9454D6F2B0A2D /* Pods_WorkApplication.framework */; };
		FD0A9B6124675227001FA785 /* WorkVariant.txt in Resources */ = {isa = PBXBuildFile; fileRef = FD0A9B6024675227001FA785 /* WorkVariant.txt */; };
		FD174EBF2464043B0090A002 /* AppDelegate.swift in Sources */ = {isa = PBXBuildFile; fileRef = FD174EBE2464043B0090A002 /* AppDelegate.swift */; };
		FD174EC12464043B0090A002 /* SceneDelegate.swift in Sources */ = {isa = PBXBuildFile; fileRef = FD174EC02464043B0090A002 /* SceneDelegate.swift */; };
		FD174EC32464043B0090A002 /* InitialViewController.swift in Sources */ = {isa = PBXBuildFile; fileRef = FD174EC22464043B0090A002 /* InitialViewController.swift */; };
		FD174EC62464043B0090A002 /* Main.storyboard in Resources */ = {isa = PBXBuildFile; fileRef = FD174EC42464043B0090A002 /* Main.storyboard */; };
		FD174EC82464043D0090A002 /* Assets.xcassets in Resources */ = {isa = PBXBuildFile; fileRef = FD174EC72464043D0090A002 /* Assets.xcassets */; };
		FD174ECB2464043D0090A002 /* LaunchScreen.storyboard in Resources */ = {isa = PBXBuildFile; fileRef = FD174EC92464043D0090A002 /* LaunchScreen.storyboard */; };
		FD174EE924641AE40090A002 /* Item.swift in Sources */ = {isa = PBXBuildFile; fileRef = FD174EE824641AE40090A002 /* Item.swift */; };
		FD174EEB24645A8F0090A002 /* DataItems.swift in Sources */ = {isa = PBXBuildFile; fileRef = FD174EEA24645A8F0090A002 /* DataItems.swift */; };
		FD60B5CA247092340042D3E2 /* MainBase.realm in Sources */ = {isa = PBXBuildFile; fileRef = FDAC4C4624708885008569B5 /* MainBase.realm */; };
		FD60B5CC247097380042D3E2 /* MainBase.realm in Resources */ = {isa = PBXBuildFile; fileRef = FDAC4C4624708885008569B5 /* MainBase.realm */; };
		FD6395E1246F468A0060CA41 /* ModelViewLogIn.swift in Sources */ = {isa = PBXBuildFile; fileRef = FD6395E0246F468A0060CA41 /* ModelViewLogIn.swift */; };
		FD67A96B249B42F900FF210A /* HeaderForTableViewMyDictionary.swift in Sources */ = {isa = PBXBuildFile; fileRef = FD67A96A249B42F900FF210A /* HeaderForTableViewMyDictionary.swift */; };
		FD67A96D249DFA4C00FF210A /* ColorScheme.swift in Sources */ = {isa = PBXBuildFile; fileRef = FD67A96C249DFA4C00FF210A /* ColorScheme.swift */; };
		FD67A96F24A0769800FF210A /* CoordinatorChangeTitleDictionary.swift in Sources */ = {isa = PBXBuildFile; fileRef = FD67A96E24A0769800FF210A /* CoordinatorChangeTitleDictionary.swift */; };
		FD67A97124A078EB00FF210A /* ModelViewChangeTitleDictionary.swift in Sources */ = {isa = PBXBuildFile; fileRef = FD67A97024A078EB00FF210A /* ModelViewChangeTitleDictionary.swift */; };
		FD79E7912492D61300661CCF /* ModelRealmBase.swift in Sources */ = {isa = PBXBuildFile; fileRef = FD79E7902492D61300661CCF /* ModelRealmBase.swift */; };
		FD97B1EF2495303000E0E28A /* UsersBase.realm in Sources */ = {isa = PBXBuildFile; fileRef = FD97B1ED24952DE400E0E28A /* UsersBase.realm */; };
		FD97B1F02495309000E0E28A /* UsersBase.realm in Resources */ = {isa = PBXBuildFile; fileRef = FD97B1ED24952DE400E0E28A /* UsersBase.realm */; };
		FD97B1F22495653900E0E28A /* CoordinatorMakeNewDictionary.swift in Sources */ = {isa = PBXBuildFile; fileRef = FD97B1F12495653900E0E28A /* CoordinatorMakeNewDictionary.swift */; };
		FD97B1F42495664600E0E28A /* ModelViewMakeNewDictionary.swift in Sources */ = {isa = PBXBuildFile; fileRef = FD97B1F32495664600E0E28A /* ModelViewMakeNewDictionary.swift */; };
		FD97B1F6249566D800E0E28A /* MakeNewDictionaryViewController.swift in Sources */ = {isa = PBXBuildFile; fileRef = FD97B1F5249566D800E0E28A /* MakeNewDictionaryViewController.swift */; };
		FD9FBC43246868620058F9A8 /* WordObject.swift in Sources */ = {isa = PBXBuildFile; fileRef = FD9FBC42246868620058F9A8 /* WordObject.swift */; };
		FDAC4C31246FD384008569B5 /* RusMeaningObject.swift in Sources */ = {isa = PBXBuildFile; fileRef = FDAC4C30246FD384008569B5 /* RusMeaningObject.swift */; };
		FDAC4C33246FD3C9008569B5 /* ExampleForRusMeaningObject.swift in Sources */ = {isa = PBXBuildFile; fileRef = FDAC4C32246FD3C9008569B5 /* ExampleForRusMeaningObject.swift */; };
		FDAC4C35246FD491008569B5 /* DictionaryObject.swift in Sources */ = {isa = PBXBuildFile; fileRef = FDAC4C34246FD491008569B5 /* DictionaryObject.swift */; };
		FDAC4C37246FD850008569B5 /* UserObject.swift in Sources */ = {isa = PBXBuildFile; fileRef = FDAC4C36246FD850008569B5 /* UserObject.swift */; };
		FDAC4C39246FECBF008569B5 /* ModelRealmUser.swift in Sources */ = {isa = PBXBuildFile; fileRef = FDAC4C38246FECBF008569B5 /* ModelRealmUser.swift */; };
		FDAC4C3B246FF8EE008569B5 /* BeginLaunchViewController.swift in Sources */ = {isa = PBXBuildFile; fileRef = FDAC4C3A246FF8EE008569B5 /* BeginLaunchViewController.swift */; };
		FDAC4C3D247010A3008569B5 /* ModelViewBeginLaunch.swift in Sources */ = {isa = PBXBuildFile; fileRef = FDAC4C3C247010A3008569B5 /* ModelViewBeginLaunch.swift */; };
		FDAC4C3F24701DE9008569B5 /* DataSoursesBeginLaunch.swift in Sources */ = {isa = PBXBuildFile; fileRef = FDAC4C3E24701DE9008569B5 /* DataSoursesBeginLaunch.swift */; };
		FDAC4C4324707B7E008569B5 /* TableViewCellBeginLaunch.swift in Sources */ = {isa = PBXBuildFile; fileRef = FDAC4C4224707B7E008569B5 /* TableViewCellBeginLaunch.swift */; };
		FDE60AF4246D95A500D0A0BB /* Protocols.swift in Sources */ = {isa = PBXBuildFile; fileRef = FDE60AF3246D95A500D0A0BB /* Protocols.swift */; };
		FDE60AF6246D962100D0A0BB /* AppCoordinator.swift in Sources */ = {isa = PBXBuildFile; fileRef = FDE60AF5246D962100D0A0BB /* AppCoordinator.swift */; };
		FDE60AF8246D965C00D0A0BB /* CoordinatorLogIn.swift in Sources */ = {isa = PBXBuildFile; fileRef = FDE60AF7246D965C00D0A0BB /* CoordinatorLogIn.swift */; };
		FDE60AFC246D969E00D0A0BB /* CoordinatorBeginLaunch.swift in Sources */ = {isa = PBXBuildFile; fileRef = FDE60AFB246D969E00D0A0BB /* CoordinatorBeginLaunch.swift */; };
		FDE60B00246D998E00D0A0BB /* Extensions.swift in Sources */ = {isa = PBXBuildFile; fileRef = FDE60AFF246D998E00D0A0BB /* Extensions.swift */; };
		FDE60B02246DA27D00D0A0BB /* LoginViewController.swift in Sources */ = {isa = PBXBuildFile; fileRef = FDE60B01246DA27D00D0A0BB /* LoginViewController.swift */; };
/* End PBXBuildFile section */

/* Begin PBXFileReference section */
		7177F006691783A1AE91A48E /* Pods-WorkApplication.release.xcconfig */ = {isa = PBXFileReference; includeInIndex = 1; lastKnownFileType = text.xcconfig; name = "Pods-WorkApplication.release.xcconfig"; path = "Target Support Files/Pods-WorkApplication/Pods-WorkApplication.release.xcconfig"; sourceTree = "<group>"; };
		D4BA6955D96DB0F4A98705EA /* Pods-WorkApplication.debug.xcconfig */ = {isa = PBXFileReference; includeInIndex = 1; lastKnownFileType = text.xcconfig; name = "Pods-WorkApplication.debug.xcconfig"; path = "Target Support Files/Pods-WorkApplication/Pods-WorkApplication.debug.xcconfig"; sourceTree = "<group>"; };
		D68BEA0D72C9454D6F2B0A2D /* Pods_WorkApplication.framework */ = {isa = PBXFileReference; explicitFileType = wrapper.framework; includeInIndex = 0; path = Pods_WorkApplication.framework; sourceTree = BUILT_PRODUCTS_DIR; };
		FD0A9B6024675227001FA785 /* WorkVariant.txt */ = {isa = PBXFileReference; fileEncoding = 4; lastKnownFileType = text; path = WorkVariant.txt; sourceTree = "<group>"; };
		FD174EBB2464043B0090A002 /* WorkApplication.app */ = {isa = PBXFileReference; explicitFileType = wrapper.application; includeInIndex = 0; path = WorkApplication.app; sourceTree = BUILT_PRODUCTS_DIR; };
		FD174EBE2464043B0090A002 /* AppDelegate.swift */ = {isa = PBXFileReference; lastKnownFileType = sourcecode.swift; path = AppDelegate.swift; sourceTree = "<group>"; };
		FD174EC02464043B0090A002 /* SceneDelegate.swift */ = {isa = PBXFileReference; lastKnownFileType = sourcecode.swift; path = SceneDelegate.swift; sourceTree = "<group>"; };
		FD174EC22464043B0090A002 /* InitialViewController.swift */ = {isa = PBXFileReference; lastKnownFileType = sourcecode.swift; path = InitialViewController.swift; sourceTree = "<group>"; };
		FD174EC52464043B0090A002 /* Base */ = {isa = PBXFileReference; lastKnownFileType = file.storyboard; name = Base; path = Base.lproj/Main.storyboard; sourceTree = "<group>"; };
		FD174EC72464043D0090A002 /* Assets.xcassets */ = {isa = PBXFileReference; lastKnownFileType = folder.assetcatalog; path = Assets.xcassets; sourceTree = "<group>"; };
		FD174ECA2464043D0090A002 /* Base */ = {isa = PBXFileReference; lastKnownFileType = file.storyboard; name = Base; path = Base.lproj/LaunchScreen.storyboard; sourceTree = "<group>"; };
		FD174ECC2464043D0090A002 /* Info.plist */ = {isa = PBXFileReference; lastKnownFileType = text.plist.xml; path = Info.plist; sourceTree = "<group>"; };
		FD174EE824641AE40090A002 /* Item.swift */ = {isa = PBXFileReference; lastKnownFileType = sourcecode.swift; path = Item.swift; sourceTree = "<group>"; };
		FD174EEA24645A8F0090A002 /* DataItems.swift */ = {isa = PBXFileReference; lastKnownFileType = sourcecode.swift; path = DataItems.swift; sourceTree = "<group>"; };
		FD6395E0246F468A0060CA41 /* ModelViewLogIn.swift */ = {isa = PBXFileReference; lastKnownFileType = sourcecode.swift; path = ModelViewLogIn.swift; sourceTree = "<group>"; };
		FD67A96A249B42F900FF210A /* HeaderForTableViewMyDictionary.swift */ = {isa = PBXFileReference; lastKnownFileType = sourcecode.swift; path = HeaderForTableViewMyDictionary.swift; sourceTree = "<group>"; };
		FD67A96C249DFA4C00FF210A /* ColorScheme.swift */ = {isa = PBXFileReference; lastKnownFileType = sourcecode.swift; path = ColorScheme.swift; sourceTree = "<group>"; };
		FD67A96E24A0769800FF210A /* CoordinatorChangeTitleDictionary.swift */ = {isa = PBXFileReference; lastKnownFileType = sourcecode.swift; path = CoordinatorChangeTitleDictionary.swift; sourceTree = "<group>"; };
		FD67A97024A078EB00FF210A /* ModelViewChangeTitleDictionary.swift */ = {isa = PBXFileReference; lastKnownFileType = sourcecode.swift; path = ModelViewChangeTitleDictionary.swift; sourceTree = "<group>"; };
		FD79E7902492D61300661CCF /* ModelRealmBase.swift */ = {isa = PBXFileReference; lastKnownFileType = sourcecode.swift; path = ModelRealmBase.swift; sourceTree = "<group>"; };
		FD97B1ED24952DE400E0E28A /* UsersBase.realm */ = {isa = PBXFileReference; lastKnownFileType = file; path = UsersBase.realm; sourceTree = "<group>"; };
		FD97B1F12495653900E0E28A /* CoordinatorMakeNewDictionary.swift */ = {isa = PBXFileReference; lastKnownFileType = sourcecode.swift; path = CoordinatorMakeNewDictionary.swift; sourceTree = "<group>"; };
		FD97B1F32495664600E0E28A /* ModelViewMakeNewDictionary.swift */ = {isa = PBXFileReference; lastKnownFileType = sourcecode.swift; path = ModelViewMakeNewDictionary.swift; sourceTree = "<group>"; };
		FD97B1F5249566D800E0E28A /* MakeNewDictionaryViewController.swift */ = {isa = PBXFileReference; lastKnownFileType = sourcecode.swift; path = MakeNewDictionaryViewController.swift; sourceTree = "<group>"; };
		FD9FBC42246868620058F9A8 /* WordObject.swift */ = {isa = PBXFileReference; lastKnownFileType = sourcecode.swift; path = WordObject.swift; sourceTree = "<group>"; };
		FDAC4C30246FD384008569B5 /* RusMeaningObject.swift */ = {isa = PBXFileReference; lastKnownFileType = sourcecode.swift; path = RusMeaningObject.swift; sourceTree = "<group>"; };
		FDAC4C32246FD3C9008569B5 /* ExampleForRusMeaningObject.swift */ = {isa = PBXFileReference; lastKnownFileType = sourcecode.swift; path = ExampleForRusMeaningObject.swift; sourceTree = "<group>"; };
		FDAC4C34246FD491008569B5 /* DictionaryObject.swift */ = {isa = PBXFileReference; lastKnownFileType = sourcecode.swift; path = DictionaryObject.swift; sourceTree = "<group>"; };
		FDAC4C36246FD850008569B5 /* UserObject.swift */ = {isa = PBXFileReference; lastKnownFileType = sourcecode.swift; path = UserObject.swift; sourceTree = "<group>"; };
		FDAC4C38246FECBF008569B5 /* ModelRealmUser.swift */ = {isa = PBXFileReference; lastKnownFileType = sourcecode.swift; path = ModelRealmUser.swift; sourceTree = "<group>"; };
		FDAC4C3A246FF8EE008569B5 /* BeginLaunchViewController.swift */ = {isa = PBXFileReference; lastKnownFileType = sourcecode.swift; path = BeginLaunchViewController.swift; sourceTree = "<group>"; };
		FDAC4C3C247010A3008569B5 /* ModelViewBeginLaunch.swift */ = {isa = PBXFileReference; lastKnownFileType = sourcecode.swift; path = ModelViewBeginLaunch.swift; sourceTree = "<group>"; };
		FDAC4C3E24701DE9008569B5 /* DataSoursesBeginLaunch.swift */ = {isa = PBXFileReference; lastKnownFileType = sourcecode.swift; path = DataSoursesBeginLaunch.swift; sourceTree = "<group>"; };
		FDAC4C4224707B7E008569B5 /* TableViewCellBeginLaunch.swift */ = {isa = PBXFileReference; lastKnownFileType = sourcecode.swift; path = TableViewCellBeginLaunch.swift; sourceTree = "<group>"; };
		FDAC4C4624708885008569B5 /* MainBase.realm */ = {isa = PBXFileReference; lastKnownFileType = file; path = MainBase.realm; sourceTree = "<group>"; };
		FDE60AF3246D95A500D0A0BB /* Protocols.swift */ = {isa = PBXFileReference; lastKnownFileType = sourcecode.swift; path = Protocols.swift; sourceTree = "<group>"; };
		FDE60AF5246D962100D0A0BB /* AppCoordinator.swift */ = {isa = PBXFileReference; lastKnownFileType = sourcecode.swift; path = AppCoordinator.swift; sourceTree = "<group>"; };
		FDE60AF7246D965C00D0A0BB /* CoordinatorLogIn.swift */ = {isa = PBXFileReference; lastKnownFileType = sourcecode.swift; path = CoordinatorLogIn.swift; sourceTree = "<group>"; };
		FDE60AFB246D969E00D0A0BB /* CoordinatorBeginLaunch.swift */ = {isa = PBXFileReference; lastKnownFileType = sourcecode.swift; path = CoordinatorBeginLaunch.swift; sourceTree = "<group>"; };
		FDE60AFF246D998E00D0A0BB /* Extensions.swift */ = {isa = PBXFileReference; lastKnownFileType = sourcecode.swift; path = Extensions.swift; sourceTree = "<group>"; };
		FDE60B01246DA27D00D0A0BB /* LoginViewController.swift */ = {isa = PBXFileReference; lastKnownFileType = sourcecode.swift; path = LoginViewController.swift; sourceTree = "<group>"; };
/* End PBXFileReference section */

/* Begin PBXFrameworksBuildPhase section */
		FD174EB82464043B0090A002 /* Frameworks */ = {
			isa = PBXFrameworksBuildPhase;
			buildActionMask = 2147483647;
			files = (
				26EB1D2E72406A5BAA68642D /* Pods_WorkApplication.framework in Frameworks */,
			);
			runOnlyForDeploymentPostprocessing = 0;
		};
/* End PBXFrameworksBuildPhase section */

/* Begin PBXGroup section */
		644EAD86BB79C34659C8F783 /* Frameworks */ = {
			isa = PBXGroup;
			children = (
				D68BEA0D72C9454D6F2B0A2D /* Pods_WorkApplication.framework */,
			);
			name = Frameworks;
			sourceTree = "<group>";
		};
		83F944185498E5C2321E57BB /* Pods */ = {
			isa = PBXGroup;
			children = (
				D4BA6955D96DB0F4A98705EA /* Pods-WorkApplication.debug.xcconfig */,
				7177F006691783A1AE91A48E /* Pods-WorkApplication.release.xcconfig */,
			);
			path = Pods;
			sourceTree = "<group>";
		};
		FD174EB22464043B0090A002 = {
			isa = PBXGroup;
			children = (
				FD174ECC2464043D0090A002 /* Info.plist */,
				FD174EBD2464043B0090A002 /* WorkApplication */,
				FD174EDA24640D6C0090A002 /* Protocols */,
				FD174ED6246404F80090A002 /* Extensions */,
				FDE60AF2246D944600D0A0BB /* AccessoryFiles */,
				FD174EBC2464043B0090A002 /* Products */,
				83F944185498E5C2321E57BB /* Pods */,
				644EAD86BB79C34659C8F783 /* Frameworks */,
			);
			sourceTree = "<group>";
		};
		FD174EBC2464043B0090A002 /* Products */ = {
			isa = PBXGroup;
			children = (
				FD174EBB2464043B0090A002 /* WorkApplication.app */,
			);
			name = Products;
			sourceTree = "<group>";
		};
		FD174EBD2464043B0090A002 /* WorkApplication */ = {
			isa = PBXGroup;
			children = (
				FDAC4C4624708885008569B5 /* MainBase.realm */,
				FD97B1ED24952DE400E0E28A /* UsersBase.realm */,
				FD174ED72464050C0090A002 /* SoursesFiles */,
				FD174EDB24640D7D0090A002 /* Coordinator */,
				FD174ED2246404690090A002 /* MV */,
				FD174ED3246404A30090A002 /* Views */,
				FD174ED5246404B80090A002 /* Models */,
			);
			path = WorkApplication;
			sourceTree = "<group>";
		};
		FD174ED2246404690090A002 /* MV */ = {
			isa = PBXGroup;
			children = (
				FD6395E0246F468A0060CA41 /* ModelViewLogIn.swift */,
				FD67A97024A078EB00FF210A /* ModelViewChangeTitleDictionary.swift */,
				FDAC4C3C247010A3008569B5 /* ModelViewBeginLaunch.swift */,
				FD97B1F32495664600E0E28A /* ModelViewMakeNewDictionary.swift */,
			);
			path = MV;
			sourceTree = "<group>";
		};
		FD174ED3246404A30090A002 /* Views */ = {
			isa = PBXGroup;
			children = (
				FD174EC22464043B0090A002 /* InitialViewController.swift */,
				FDE60B01246DA27D00D0A0BB /* LoginViewController.swift */,
				FDAC4C3A246FF8EE008569B5 /* BeginLaunchViewController.swift */,
				FD97B1F5249566D800E0E28A /* MakeNewDictionaryViewController.swift */,
				FDAC4C4224707B7E008569B5 /* TableViewCellBeginLaunch.swift */,
				FD67A96A249B42F900FF210A /* HeaderForTableViewMyDictionary.swift */,
				FD67A96C249DFA4C00FF210A /* ColorScheme.swift */,
			);
			path = Views;
			sourceTree = "<group>";
		};
		FD174ED5246404B80090A002 /* Models */ = {
			isa = PBXGroup;
			children = (
				FD174EE32464102A0090A002 /* ModelDataRxSwift */,
				FDAC4C2F246FD2DB008569B5 /* ModelDataRealmUser */,
				FD174EE2246410170090A002 /* ModelDataRealmShared */,
				FD174EDD24640E630090A002 /* DataSourceYandex */,
			);
			path = Models;
			sourceTree = "<group>";
		};
		FD174ED6246404F80090A002 /* Extensions */ = {
			isa = PBXGroup;
			children = (
				FDE60AFF246D998E00D0A0BB /* Extensions.swift */,
			);
			path = Extensions;
			sourceTree = "<group>";
		};
		FD174ED72464050C0090A002 /* SoursesFiles */ = {
			isa = PBXGroup;
			children = (
				FD174EC02464043B0090A002 /* SceneDelegate.swift */,
				FD174EBE2464043B0090A002 /* AppDelegate.swift */,
				FD174EC72464043D0090A002 /* Assets.xcassets */,
				FD174EC92464043D0090A002 /* LaunchScreen.storyboard */,
				FD174EC42464043B0090A002 /* Main.storyboard */,
			);
			path = SoursesFiles;
			sourceTree = "<group>";
		};
		FD174EDA24640D6C0090A002 /* Protocols */ = {
			isa = PBXGroup;
			children = (
				FDE60AF3246D95A500D0A0BB /* Protocols.swift */,
			);
			path = Protocols;
			sourceTree = "<group>";
		};
		FD174EDB24640D7D0090A002 /* Coordinator */ = {
			isa = PBXGroup;
			children = (
				FDE60AF5246D962100D0A0BB /* AppCoordinator.swift */,
				FDE60AF7246D965C00D0A0BB /* CoordinatorLogIn.swift */,
				FDE60AFB246D969E00D0A0BB /* CoordinatorBeginLaunch.swift */,
				FD97B1F12495653900E0E28A /* CoordinatorMakeNewDictionary.swift */,
				FD67A96E24A0769800FF210A /* CoordinatorChangeTitleDictionary.swift */,
			);
			path = Coordinator;
			sourceTree = "<group>";
		};
		FD174EDD24640E630090A002 /* DataSourceYandex */ = {
			isa = PBXGroup;
			children = (
			);
			path = DataSourceYandex;
			sourceTree = "<group>";
		};
		FD174EE2246410170090A002 /* ModelDataRealmShared */ = {
			isa = PBXGroup;
			children = (
				FD79E7902492D61300661CCF /* ModelRealmBase.swift */,
				FD9FBC42246868620058F9A8 /* WordObject.swift */,
				FDAC4C30246FD384008569B5 /* RusMeaningObject.swift */,
				FDAC4C32246FD3C9008569B5 /* ExampleForRusMeaningObject.swift */,
			);
			path = ModelDataRealmShared;
			sourceTree = "<group>";
		};
		FD174EE32464102A0090A002 /* ModelDataRxSwift */ = {
			isa = PBXGroup;
			children = (
				FDAC4C3E24701DE9008569B5 /* DataSoursesBeginLaunch.swift */,
			);
			path = ModelDataRxSwift;
			sourceTree = "<group>";
		};
		FDAC4C2F246FD2DB008569B5 /* ModelDataRealmUser */ = {
			isa = PBXGroup;
			children = (
				FDAC4C38246FECBF008569B5 /* ModelRealmUser.swift */,
				FDAC4C34246FD491008569B5 /* DictionaryObject.swift */,
				FDAC4C36246FD850008569B5 /* UserObject.swift */,
			);
			path = ModelDataRealmUser;
			sourceTree = "<group>";
		};
		FDE60AF2246D944600D0A0BB /* AccessoryFiles */ = {
			isa = PBXGroup;
			children = (
				FD0A9B6024675227001FA785 /* WorkVariant.txt */,
				FD174EEA24645A8F0090A002 /* DataItems.swift */,
				FD174EE824641AE40090A002 /* Item.swift */,
			);
			path = AccessoryFiles;
			sourceTree = "<group>";
		};
/* End PBXGroup section */

/* Begin PBXNativeTarget section */
		FD174EBA2464043B0090A002 /* WorkApplication */ = {
			isa = PBXNativeTarget;
			buildConfigurationList = FD174ECF2464043D0090A002 /* Build configuration list for PBXNativeTarget "WorkApplication" */;
			buildPhases = (
				4A9EB688600E69F0DF595BB8 /* [CP] Check Pods Manifest.lock */,
				FD174EB72464043B0090A002 /* Sources */,
				FD174EB82464043B0090A002 /* Frameworks */,
				FD174EB92464043B0090A002 /* Resources */,
				FFE87DEE5FAD15BFAF6C30D2 /* [CP] Embed Pods Frameworks */,
			);
			buildRules = (
			);
			dependencies = (
			);
			name = WorkApplication;
			productName = WorkApplication;
			productReference = FD174EBB2464043B0090A002 /* WorkApplication.app */;
			productType = "com.apple.product-type.application";
		};
/* End PBXNativeTarget section */

/* Begin PBXProject section */
		FD174EB32464043B0090A002 /* Project object */ = {
			isa = PBXProject;
			attributes = {
				LastSwiftUpdateCheck = 1130;
				LastUpgradeCheck = 1130;
				ORGANIZATIONNAME = AnatolyRyavkin;
				TargetAttributes = {
					FD174EBA2464043B0090A002 = {
						CreatedOnToolsVersion = 11.3.1;
					};
				};
			};
			buildConfigurationList = FD174EB62464043B0090A002 /* Build configuration list for PBXProject "WorkApplication" */;
			compatibilityVersion = "Xcode 9.3";
			developmentRegion = en;
			hasScannedForEncodings = 0;
			knownRegions = (
				en,
				Base,
			);
			mainGroup = FD174EB22464043B0090A002;
			productRefGroup = FD174EBC2464043B0090A002 /* Products */;
			projectDirPath = "";
			projectRoot = "";
			targets = (
				FD174EBA2464043B0090A002 /* WorkApplication */,
			);
		};
/* End PBXProject section */

/* Begin PBXResourcesBuildPhase section */
		FD174EB92464043B0090A002 /* Resources */ = {
			isa = PBXResourcesBuildPhase;
			buildActionMask = 2147483647;
			files = (
				FD60B5CC247097380042D3E2 /* MainBase.realm in Resources */,
				FD97B1F02495309000E0E28A /* UsersBase.realm in Resources */,
				FD174ECB2464043D0090A002 /* LaunchScreen.storyboard in Resources */,
				FD174EC82464043D0090A002 /* Assets.xcassets in Resources */,
				FD174EC62464043B0090A002 /* Main.storyboard in Resources */,
				FD0A9B6124675227001FA785 /* WorkVariant.txt in Resources */,
			);
			runOnlyForDeploymentPostprocessing = 0;
		};
/* End PBXResourcesBuildPhase section */

/* Begin PBXShellScriptBuildPhase section */
		4A9EB688600E69F0DF595BB8 /* [CP] Check Pods Manifest.lock */ = {
			isa = PBXShellScriptBuildPhase;
			buildActionMask = 2147483647;
			files = (
			);
			inputFileListPaths = (
			);
			inputPaths = (
				"${PODS_PODFILE_DIR_PATH}/Podfile.lock",
				"${PODS_ROOT}/Manifest.lock",
			);
			name = "[CP] Check Pods Manifest.lock";
			outputFileListPaths = (
			);
			outputPaths = (
				"$(DERIVED_FILE_DIR)/Pods-WorkApplication-checkManifestLockResult.txt",
			);
			runOnlyForDeploymentPostprocessing = 0;
			shellPath = /bin/sh;
			shellScript = "diff \"${PODS_PODFILE_DIR_PATH}/Podfile.lock\" \"${PODS_ROOT}/Manifest.lock\" > /dev/null\nif [ $? != 0 ] ; then\n    # print error to STDERR\n    echo \"error: The sandbox is not in sync with the Podfile.lock. Run 'pod install' or update your CocoaPods installation.\" >&2\n    exit 1\nfi\n# This output is used by Xcode 'outputs' to avoid re-running this script phase.\necho \"SUCCESS\" > \"${SCRIPT_OUTPUT_FILE_0}\"\n";
			showEnvVarsInLog = 0;
		};
		FFE87DEE5FAD15BFAF6C30D2 /* [CP] Embed Pods Frameworks */ = {
			isa = PBXShellScriptBuildPhase;
			buildActionMask = 2147483647;
			files = (
			);
			inputFileListPaths = (
				"${PODS_ROOT}/Target Support Files/Pods-WorkApplication/Pods-WorkApplication-frameworks-${CONFIGURATION}-input-files.xcfilelist",
			);
			name = "[CP] Embed Pods Frameworks";
			outputFileListPaths = (
				"${PODS_ROOT}/Target Support Files/Pods-WorkApplication/Pods-WorkApplication-frameworks-${CONFIGURATION}-output-files.xcfilelist",
			);
			runOnlyForDeploymentPostprocessing = 0;
			shellPath = /bin/sh;
			shellScript = "\"${PODS_ROOT}/Target Support Files/Pods-WorkApplication/Pods-WorkApplication-frameworks.sh\"\n";
			showEnvVarsInLog = 0;
		};
/* End PBXShellScriptBuildPhase section */

/* Begin PBXSourcesBuildPhase section */
		FD174EB72464043B0090A002 /* Sources */ = {
			isa = PBXSourcesBuildPhase;
			buildActionMask = 2147483647;
			files = (
				FD67A96B249B42F900FF210A /* HeaderForTableViewMyDictionary.swift in Sources */,
				FD60B5CA247092340042D3E2 /* MainBase.realm in Sources */,
				FD97B1F42495664600E0E28A /* ModelViewMakeNewDictionary.swift in Sources */,
				FD97B1EF2495303000E0E28A /* UsersBase.realm in Sources */,
				FD9FBC43246868620058F9A8 /* WordObject.swift in Sources */,
				FD67A96D249DFA4C00FF210A /* ColorScheme.swift in Sources */,
				FDAC4C3B246FF8EE008569B5 /* BeginLaunchViewController.swift in Sources */,
				FD97B1F6249566D800E0E28A /* MakeNewDictionaryViewController.swift in Sources */,
				FDE60B00246D998E00D0A0BB /* Extensions.swift in Sources */,
				FD97B1F22495653900E0E28A /* CoordinatorMakeNewDictionary.swift in Sources */,
				FDE60B02246DA27D00D0A0BB /* LoginViewController.swift in Sources */,
				FDAC4C4324707B7E008569B5 /* TableViewCellBeginLaunch.swift in Sources */,
				FDE60AFC246D969E00D0A0BB /* CoordinatorBeginLaunch.swift in Sources */,
				FD79E7912492D61300661CCF /* ModelRealmBase.swift in Sources */,
				FDE60AF8246D965C00D0A0BB /* CoordinatorLogIn.swift in Sources */,
				FD67A96F24A0769800FF210A /* CoordinatorChangeTitleDictionary.swift in Sources */,
				FDAC4C31246FD384008569B5 /* RusMeaningObject.swift in Sources */,
				FDAC4C39246FECBF008569B5 /* ModelRealmUser.swift in Sources */,
				FDAC4C37246FD850008569B5 /* UserObject.swift in Sources */,
				FD174EEB24645A8F0090A002 /* DataItems.swift in Sources */,
				FD174EE924641AE40090A002 /* Item.swift in Sources */,
				FD174EC32464043B0090A002 /* InitialViewController.swift in Sources */,
				FD174EBF2464043B0090A002 /* AppDelegate.swift in Sources */,
				FDE60AF6246D962100D0A0BB /* AppCoordinator.swift in Sources */,
				FDAC4C35246FD491008569B5 /* DictionaryObject.swift in Sources */,
				FD67A97124A078EB00FF210A /* ModelViewChangeTitleDictionary.swift in Sources */,
				FDAC4C3D247010A3008569B5 /* ModelViewBeginLaunch.swift in Sources */,
				FDAC4C33246FD3C9008569B5 /* ExampleForRusMeaningObject.swift in Sources */,
				FD174EC12464043B0090A002 /* SceneDelegate.swift in Sources */,
				FDAC4C3F24701DE9008569B5 /* DataSoursesBeginLaunch.swift in Sources */,
				FD6395E1246F468A0060CA41 /* ModelViewLogIn.swift in Sources */,
				FDE60AF4246D95A500D0A0BB /* Protocols.swift in Sources */,
			);
			runOnlyForDeploymentPostprocessing = 0;
		};
/* End PBXSourcesBuildPhase section */

/* Begin PBXVariantGroup section */
		FD174EC42464043B0090A002 /* Main.storyboard */ = {
			isa = PBXVariantGroup;
			children = (
				FD174EC52464043B0090A002 /* Base */,
			);
			name = Main.storyboard;
			sourceTree = "<group>";
		};
		FD174EC92464043D0090A002 /* LaunchScreen.storyboard */ = {
			isa = PBXVariantGroup;
			children = (
				FD174ECA2464043D0090A002 /* Base */,
			);
			name = LaunchScreen.storyboard;
			sourceTree = "<group>";
		};
/* End PBXVariantGroup section */

/* Begin XCBuildConfiguration section */
		FD174ECD2464043D0090A002 /* Debug */ = {
			isa = XCBuildConfiguration;
			buildSettings = {
				ALWAYS_SEARCH_USER_PATHS = NO;
				CLANG_ANALYZER_NONNULL = YES;
				CLANG_ANALYZER_NUMBER_OBJECT_CONVERSION = YES_AGGRESSIVE;
				CLANG_CXX_LANGUAGE_STANDARD = "gnu++14";
				CLANG_CXX_LIBRARY = "libc++";
				CLANG_ENABLE_MODULES = YES;
				CLANG_ENABLE_OBJC_ARC = YES;
				CLANG_ENABLE_OBJC_WEAK = YES;
				CLANG_WARN_BLOCK_CAPTURE_AUTORELEASING = YES;
				CLANG_WARN_BOOL_CONVERSION = YES;
				CLANG_WARN_COMMA = YES;
				CLANG_WARN_CONSTANT_CONVERSION = YES;
				CLANG_WARN_DEPRECATED_OBJC_IMPLEMENTATIONS = YES;
				CLANG_WARN_DIRECT_OBJC_ISA_USAGE = YES_ERROR;
				CLANG_WARN_DOCUMENTATION_COMMENTS = YES;
				CLANG_WARN_EMPTY_BODY = YES;
				CLANG_WARN_ENUM_CONVERSION = YES;
				CLANG_WARN_INFINITE_RECURSION = YES;
				CLANG_WARN_INT_CONVERSION = YES;
				CLANG_WARN_NON_LITERAL_NULL_CONVERSION = YES;
				CLANG_WARN_OBJC_IMPLICIT_RETAIN_SELF = YES;
				CLANG_WARN_OBJC_LITERAL_CONVERSION = YES;
				CLANG_WARN_OBJC_ROOT_CLASS = YES_ERROR;
				CLANG_WARN_RANGE_LOOP_ANALYSIS = YES;
				CLANG_WARN_STRICT_PROTOTYPES = YES;
				CLANG_WARN_SUSPICIOUS_MOVE = YES;
				CLANG_WARN_UNGUARDED_AVAILABILITY = YES_AGGRESSIVE;
				CLANG_WARN_UNREACHABLE_CODE = YES;
				CLANG_WARN__DUPLICATE_METHOD_MATCH = YES;
				COPY_PHASE_STRIP = NO;
				DEBUG_INFORMATION_FORMAT = dwarf;
				ENABLE_STRICT_OBJC_MSGSEND = YES;
				ENABLE_TESTABILITY = YES;
				GCC_C_LANGUAGE_STANDARD = gnu11;
				GCC_DYNAMIC_NO_PIC = NO;
				GCC_NO_COMMON_BLOCKS = YES;
				GCC_OPTIMIZATION_LEVEL = 0;
				GCC_PREPROCESSOR_DEFINITIONS = (
					"DEBUG=1",
					"$(inherited)",
				);
				GCC_WARN_64_TO_32_BIT_CONVERSION = YES;
				GCC_WARN_ABOUT_RETURN_TYPE = YES_ERROR;
				GCC_WARN_UNDECLARED_SELECTOR = YES;
				GCC_WARN_UNINITIALIZED_AUTOS = YES_AGGRESSIVE;
				GCC_WARN_UNUSED_FUNCTION = YES;
				GCC_WARN_UNUSED_VARIABLE = YES;
				IPHONEOS_DEPLOYMENT_TARGET = 13.2;
				MTL_ENABLE_DEBUG_INFO = INCLUDE_SOURCE;
				MTL_FAST_MATH = YES;
				ONLY_ACTIVE_ARCH = YES;
				SDKROOT = iphoneos;
				SWIFT_ACTIVE_COMPILATION_CONDITIONS = DEBUG;
				SWIFT_OPTIMIZATION_LEVEL = "-Onone";
			};
			name = Debug;
		};
		FD174ECE2464043D0090A002 /* Release */ = {
			isa = XCBuildConfiguration;
			buildSettings = {
				ALWAYS_SEARCH_USER_PATHS = NO;
				CLANG_ANALYZER_NONNULL = YES;
				CLANG_ANALYZER_NUMBER_OBJECT_CONVERSION = YES_AGGRESSIVE;
				CLANG_CXX_LANGUAGE_STANDARD = "gnu++14";
				CLANG_CXX_LIBRARY = "libc++";
				CLANG_ENABLE_MODULES = YES;
				CLANG_ENABLE_OBJC_ARC = YES;
				CLANG_ENABLE_OBJC_WEAK = YES;
				CLANG_WARN_BLOCK_CAPTURE_AUTORELEASING = YES;
				CLANG_WARN_BOOL_CONVERSION = YES;
				CLANG_WARN_COMMA = YES;
				CLANG_WARN_CONSTANT_CONVERSION = YES;
				CLANG_WARN_DEPRECATED_OBJC_IMPLEMENTATIONS = YES;
				CLANG_WARN_DIRECT_OBJC_ISA_USAGE = YES_ERROR;
				CLANG_WARN_DOCUMENTATION_COMMENTS = YES;
				CLANG_WARN_EMPTY_BODY = YES;
				CLANG_WARN_ENUM_CONVERSION = YES;
				CLANG_WARN_INFINITE_RECURSION = YES;
				CLANG_WARN_INT_CONVERSION = YES;
				CLANG_WARN_NON_LITERAL_NULL_CONVERSION = YES;
				CLANG_WARN_OBJC_IMPLICIT_RETAIN_SELF = YES;
				CLANG_WARN_OBJC_LITERAL_CONVERSION = YES;
				CLANG_WARN_OBJC_ROOT_CLASS = YES_ERROR;
				CLANG_WARN_RANGE_LOOP_ANALYSIS = YES;
				CLANG_WARN_STRICT_PROTOTYPES = YES;
				CLANG_WARN_SUSPICIOUS_MOVE = YES;
				CLANG_WARN_UNGUARDED_AVAILABILITY = YES_AGGRESSIVE;
				CLANG_WARN_UNREACHABLE_CODE = YES;
				CLANG_WARN__DUPLICATE_METHOD_MATCH = YES;
				COPY_PHASE_STRIP = NO;
				DEBUG_INFORMATION_FORMAT = "dwarf-with-dsym";
				ENABLE_NS_ASSERTIONS = NO;
				ENABLE_STRICT_OBJC_MSGSEND = YES;
				GCC_C_LANGUAGE_STANDARD = gnu11;
				GCC_NO_COMMON_BLOCKS = YES;
				GCC_WARN_64_TO_32_BIT_CONVERSION = YES;
				GCC_WARN_ABOUT_RETURN_TYPE = YES_ERROR;
				GCC_WARN_UNDECLARED_SELECTOR = YES;
				GCC_WARN_UNINITIALIZED_AUTOS = YES_AGGRESSIVE;
				GCC_WARN_UNUSED_FUNCTION = YES;
				GCC_WARN_UNUSED_VARIABLE = YES;
				IPHONEOS_DEPLOYMENT_TARGET = 13.2;
				MTL_ENABLE_DEBUG_INFO = NO;
				MTL_FAST_MATH = YES;
				SDKROOT = iphoneos;
				SWIFT_COMPILATION_MODE = wholemodule;
				SWIFT_OPTIMIZATION_LEVEL = "-O";
				VALIDATE_PRODUCT = YES;
			};
			name = Release;
		};
		FD174ED02464043D0090A002 /* Debug */ = {
			isa = XCBuildConfiguration;
			baseConfigurationReference = D4BA6955D96DB0F4A98705EA /* Pods-WorkApplication.debug.xcconfig */;
			buildSettings = {
				ASSETCATALOG_COMPILER_APPICON_NAME = AppIcon;
				CODE_SIGN_STYLE = Automatic;
				DEVELOPMENT_ASSET_PATHS = WorkApplication/MainBase.realm;
				DEVELOPMENT_TEAM = 92NKZ7998L;
				INFOPLIST_FILE = "$(SRCROOT)/Info.plist";
				IPHONEOS_DEPLOYMENT_TARGET = 13.2;
				LD_RUNPATH_SEARCH_PATHS = (
					"$(inherited)",
					"@executable_path/Frameworks",
				);
				PRODUCT_BUNDLE_IDENTIFIER = AnatatolyRyavkin.WorkApplication;
				PRODUCT_NAME = "$(TARGET_NAME)";
				SWIFT_ACTIVE_COMPILATION_CONDITIONS = "DEBUG DEBUGPPRINT";
				SWIFT_VERSION = 5.0;
				TARGETED_DEVICE_FAMILY = "1,2";
			};
			name = Debug;
		};
		FD174ED12464043D0090A002 /* Release */ = {
			isa = XCBuildConfiguration;
			baseConfigurationReference = 7177F006691783A1AE91A48E /* Pods-WorkApplication.release.xcconfig */;
			buildSettings = {
				ASSETCATALOG_COMPILER_APPICON_NAME = AppIcon;
				CODE_SIGN_STYLE = Automatic;
				DEVELOPMENT_ASSET_PATHS = WorkApplication/MainBase.realm;
				DEVELOPMENT_TEAM = 92NKZ7998L;
				INFOPLIST_FILE = "$(SRCROOT)/Info.plist";
				IPHONEOS_DEPLOYMENT_TARGET = 13.2;
				LD_RUNPATH_SEARCH_PATHS = (
					"$(inherited)",
					"@executable_path/Frameworks",
				);
				PRODUCT_BUNDLE_IDENTIFIER = AnatatolyRyavkin.WorkApplication;
				PRODUCT_NAME = "$(TARGET_NAME)";
				SWIFT_VERSION = 5.0;
				TARGETED_DEVICE_FAMILY = "1,2";
			};
			name = Release;
		};
/* End XCBuildConfiguration section */

/* Begin XCConfigurationList section */
		FD174EB62464043B0090A002 /* Build configuration list for PBXProject "WorkApplication" */ = {
			isa = XCConfigurationList;
			buildConfigurations = (
				FD174ECD2464043D0090A002 /* Debug */,
				FD174ECE2464043D0090A002 /* Release */,
			);
			defaultConfigurationIsVisible = 0;
			defaultConfigurationName = Release;
		};
		FD174ECF2464043D0090A002 /* Build configuration list for PBXNativeTarget "WorkApplication" */ = {
			isa = XCConfigurationList;
			buildConfigurations = (
				FD174ED02464043D0090A002 /* Debug */,
				FD174ED12464043D0090A002 /* Release */,
			);
			defaultConfigurationIsVisible = 0;
			defaultConfigurationName = Release;
		};
/* End XCConfigurationList section */
	};
	rootObject = FD174EB32464043B0090A002 /* Project object */;
}
